{
  "version": 4,
  "terraform_version": "1.9.8",
  "serial": 88,
  "lineage": "af90ecdf-e33c-02f2-c84d-a972e93cc7cc",
  "outputs": {},
  "resources": [
    {
      "mode": "managed",
      "type": "google_compute_backend_bucket",
      "name": "react_backend_bucket",
      "provider": "provider[\"registry.terraform.io/hashicorp/google\"]",
      "instances": [
        {
          "schema_version": 0,
          "attributes": {
            "bucket_name": "ismyhouseonfire-dev",
            "cdn_policy": [],
            "compression_mode": "",
            "creation_timestamp": "2024-11-09T08:48:14.949-08:00",
            "custom_response_headers": [],
            "description": "",
            "edge_security_policy": "",
            "enable_cdn": false,
            "id": "projects/is-my-house-on-fire/global/backendBuckets/react-app-backend",
            "name": "react-app-backend",
            "project": "is-my-house-on-fire",
            "self_link": "https://www.googleapis.com/compute/v1/projects/is-my-house-on-fire/global/backendBuckets/react-app-backend",
            "timeouts": null
          },
          "sensitive_attributes": [],
          "private": "eyJlMmJmYjczMC1lY2FhLTExZTYtOGY4OC0zNDM2M2JjN2M0YzAiOnsiY3JlYXRlIjoxMjAwMDAwMDAwMDAwLCJkZWxldGUiOjEyMDAwMDAwMDAwMDAsInVwZGF0ZSI6MTIwMDAwMDAwMDAwMH0sInNjaGVtYV92ZXJzaW9uIjoiMCJ9",
          "dependencies": [
            "google_storage_bucket.react_app"
          ]
        }
      ]
    },
    {
      "mode": "managed",
      "type": "google_compute_global_address",
      "name": "global_ip",
      "provider": "provider[\"registry.terraform.io/hashicorp/google\"]",
      "instances": [
        {
          "schema_version": 0,
          "attributes": {
            "address": "34.49.37.52",
            "address_type": "EXTERNAL",
            "creation_timestamp": "2024-11-09T08:48:14.977-08:00",
            "description": "",
            "effective_labels": {
              "goog-terraform-provisioned": "true"
            },
            "id": "projects/is-my-house-on-fire/global/addresses/react-global-ip",
            "ip_version": "",
            "label_fingerprint": "vezUS-42LLM=",
            "labels": {},
            "name": "react-global-ip",
            "network": "",
            "prefix_length": 0,
            "project": "is-my-house-on-fire",
            "purpose": "",
            "self_link": "https://www.googleapis.com/compute/v1/projects/is-my-house-on-fire/global/addresses/react-global-ip",
            "terraform_labels": {
              "goog-terraform-provisioned": "true"
            },
            "timeouts": null
          },
          "sensitive_attributes": [],
          "private": "eyJlMmJmYjczMC1lY2FhLTExZTYtOGY4OC0zNDM2M2JjN2M0YzAiOnsiY3JlYXRlIjoxMjAwMDAwMDAwMDAwLCJkZWxldGUiOjEyMDAwMDAwMDAwMDAsInVwZGF0ZSI6MTIwMDAwMDAwMDAwMH19"
        }
      ]
    },
    {
      "mode": "managed",
      "type": "google_compute_global_forwarding_rule",
      "name": "forwarding_rule",
      "provider": "provider[\"registry.terraform.io/hashicorp/google\"]",
      "instances": [
        {
          "schema_version": 0,
          "attributes": {
            "base_forwarding_rule": "",
            "description": "",
            "effective_labels": {},
            "id": "projects/is-my-house-on-fire/global/forwardingRules/react-forwarding-rule",
            "ip_address": "34.49.37.52",
            "ip_protocol": "TCP",
            "ip_version": "",
            "label_fingerprint": "42WmSpB8rSM=",
            "labels": {},
            "load_balancing_scheme": "EXTERNAL",
            "metadata_filters": [],
            "name": "react-forwarding-rule",
            "network": "",
            "no_automate_dns_zone": null,
            "port_range": "80-80",
            "project": "is-my-house-on-fire",
            "psc_connection_id": "",
            "psc_connection_status": "",
            "self_link": "https://www.googleapis.com/compute/v1/projects/is-my-house-on-fire/global/forwardingRules/react-forwarding-rule",
            "service_directory_registrations": [],
            "source_ip_ranges": [],
            "subnetwork": "",
            "target": "https://www.googleapis.com/compute/v1/projects/is-my-house-on-fire/global/targetHttpProxies/react-http-proxy",
            "terraform_labels": {},
            "timeouts": null
          },
          "sensitive_attributes": [],
          "private": "eyJlMmJmYjczMC1lY2FhLTExZTYtOGY4OC0zNDM2M2JjN2M0YzAiOnsiY3JlYXRlIjoxMjAwMDAwMDAwMDAwLCJkZWxldGUiOjEyMDAwMDAwMDAwMDAsInVwZGF0ZSI6MTIwMDAwMDAwMDAwMH0sInNjaGVtYV92ZXJzaW9uIjoiMCJ9",
          "dependencies": [
            "google_compute_backend_bucket.react_backend_bucket",
            "google_compute_global_address.global_ip",
            "google_compute_target_http_proxy.http_proxy",
            "google_compute_url_map.url_map",
            "google_storage_bucket.react_app"
          ]
        }
      ]
    },
    {
      "mode": "managed",
      "type": "google_compute_target_http_proxy",
      "name": "http_proxy",
      "provider": "provider[\"registry.terraform.io/hashicorp/google\"]",
      "instances": [
        {
          "schema_version": 0,
          "attributes": {
            "creation_timestamp": "2024-11-09T08:48:37.612-08:00",
            "description": "",
            "http_keep_alive_timeout_sec": 0,
            "id": "projects/is-my-house-on-fire/global/targetHttpProxies/react-http-proxy",
            "name": "react-http-proxy",
            "project": "is-my-house-on-fire",
            "proxy_bind": false,
            "proxy_id": 6787467735879265418,
            "self_link": "https://www.googleapis.com/compute/v1/projects/is-my-house-on-fire/global/targetHttpProxies/react-http-proxy",
            "timeouts": null,
            "url_map": "https://www.googleapis.com/compute/v1/projects/is-my-house-on-fire/global/urlMaps/react-url-map"
          },
          "sensitive_attributes": [],
          "private": "eyJlMmJmYjczMC1lY2FhLTExZTYtOGY4OC0zNDM2M2JjN2M0YzAiOnsiY3JlYXRlIjoxMjAwMDAwMDAwMDAwLCJkZWxldGUiOjEyMDAwMDAwMDAwMDAsInVwZGF0ZSI6MTIwMDAwMDAwMDAwMH0sInNjaGVtYV92ZXJzaW9uIjoiMCJ9",
          "dependencies": [
            "google_compute_backend_bucket.react_backend_bucket",
            "google_compute_url_map.url_map",
            "google_storage_bucket.react_app"
          ]
        }
      ]
    },
    {
      "mode": "managed",
      "type": "google_compute_url_map",
      "name": "url_map",
      "provider": "provider[\"registry.terraform.io/hashicorp/google\"]",
      "instances": [
        {
          "schema_version": 0,
          "attributes": {
            "creation_timestamp": "2024-11-09T08:48:26.232-08:00",
            "default_route_action": [],
            "default_service": "https://www.googleapis.com/compute/v1/projects/is-my-house-on-fire/global/backendBuckets/react-app-backend",
            "default_url_redirect": [],
            "description": "",
            "fingerprint": "bP9aXsi4Pjk=",
            "header_action": [],
            "host_rule": [],
            "id": "projects/is-my-house-on-fire/global/urlMaps/react-url-map",
            "map_id": 49972102220098741,
            "name": "react-url-map",
            "path_matcher": [],
            "project": "is-my-house-on-fire",
            "self_link": "https://www.googleapis.com/compute/v1/projects/is-my-house-on-fire/global/urlMaps/react-url-map",
            "test": [],
            "timeouts": null
          },
          "sensitive_attributes": [],
          "private": "eyJlMmJmYjczMC1lY2FhLTExZTYtOGY4OC0zNDM2M2JjN2M0YzAiOnsiY3JlYXRlIjoxMjAwMDAwMDAwMDAwLCJkZWxldGUiOjEyMDAwMDAwMDAwMDAsInVwZGF0ZSI6MTIwMDAwMDAwMDAwMH0sInNjaGVtYV92ZXJzaW9uIjoiMCJ9",
          "dependencies": [
            "google_compute_backend_bucket.react_backend_bucket",
            "google_storage_bucket.react_app"
          ]
        }
      ]
    },
    {
      "mode": "managed",
      "type": "google_dns_managed_zone",
      "name": "my_zone",
      "provider": "provider[\"registry.terraform.io/hashicorp/google\"]",
      "instances": [
        {
          "schema_version": 0,
          "attributes": {
            "cloud_logging_config": [
              {
                "enable_logging": false
              }
            ],
            "creation_time": "2024-11-09T15:33:58.444Z",
            "description": "Managed by Terraform",
            "dns_name": "ismyhouseonfire.tech.",
            "dnssec_config": [],
            "effective_labels": {
              "goog-terraform-provisioned": "true"
            },
            "force_destroy": false,
            "forwarding_config": [],
            "id": "projects/is-my-house-on-fire/managedZones/ismyhouseonfire-dev-zone",
            "labels": {},
            "managed_zone_id": 5252184239924982110,
            "name": "ismyhouseonfire-dev-zone",
            "name_servers": [
              "ns-cloud-e1.googledomains.com.",
              "ns-cloud-e2.googledomains.com.",
              "ns-cloud-e3.googledomains.com.",
              "ns-cloud-e4.googledomains.com."
            ],
            "peering_config": [],
            "private_visibility_config": [],
            "project": "is-my-house-on-fire",
            "terraform_labels": {
              "goog-terraform-provisioned": "true"
            },
            "timeouts": null,
            "visibility": "public"
          },
          "sensitive_attributes": [],
          "private": "eyJlMmJmYjczMC1lY2FhLTExZTYtOGY4OC0zNDM2M2JjN2M0YzAiOnsiY3JlYXRlIjoxMjAwMDAwMDAwMDAwLCJkZWxldGUiOjEyMDAwMDAwMDAwMDAsInVwZGF0ZSI6MTIwMDAwMDAwMDAwMH19"
        }
      ]
    },
    {
      "mode": "managed",
      "type": "google_dns_record_set",
      "name": "api_dns",
      "provider": "provider[\"registry.terraform.io/hashicorp/google\"]",
      "instances": [
        {
          "index_key": 0,
          "schema_version": 0,
          "attributes": {
            "id": "projects/is-my-house-on-fire/managedZones/ismyhouseonfire-dev-zone/rrsets/api1.ismyhouseonfire.tech./CNAME",
            "managed_zone": "ismyhouseonfire-dev-zone",
            "name": "api1.ismyhouseonfire.tech.",
            "project": "is-my-house-on-fire",
            "routing_policy": [],
            "rrdatas": [
              "flask-api-1-svgkugxoaa-uc.a.run.app."
            ],
            "ttl": 300,
            "type": "CNAME"
          },
          "sensitive_attributes": [],
          "private": "bnVsbA==",
          "dependencies": [
            "google_dns_managed_zone.my_zone"
          ]
        }
      ]
    },
    {
      "mode": "managed",
      "type": "google_dns_record_set",
      "name": "react_dns",
      "provider": "provider[\"registry.terraform.io/hashicorp/google\"]",
      "instances": [
        {
          "schema_version": 0,
          "attributes": {
            "id": "projects/is-my-house-on-fire/managedZones/ismyhouseonfire-dev-zone/rrsets/ismyhouseonfire.tech./A",
            "managed_zone": "ismyhouseonfire-dev-zone",
            "name": "ismyhouseonfire.tech.",
            "project": "is-my-house-on-fire",
            "routing_policy": [],
            "rrdatas": [
              "34.49.37.52"
            ],
            "ttl": 300,
            "type": "A"
          },
          "sensitive_attributes": [],
          "private": "bnVsbA==",
          "dependencies": [
            "google_compute_global_address.global_ip",
            "google_dns_managed_zone.my_zone"
          ]
        }
      ]
    },
    {
      "mode": "managed",
      "type": "google_storage_bucket",
      "name": "react_app",
      "provider": "provider[\"registry.terraform.io/hashicorp/google\"]",
      "instances": [
        {
          "schema_version": 3,
          "attributes": {
            "autoclass": [],
            "cors": [],
            "custom_placement_config": [],
            "default_event_based_hold": false,
            "effective_labels": {
              "goog-terraform-provisioned": "true"
            },
            "enable_object_retention": false,
            "encryption": [],
            "force_destroy": false,
            "hierarchical_namespace": [
              {
                "enabled": false
              }
            ],
            "id": "ismyhouseonfire-dev",
            "labels": {},
            "lifecycle_rule": [],
            "location": "US-CENTRAL1",
            "logging": [],
            "name": "ismyhouseonfire-dev",
            "project": "is-my-house-on-fire",
            "project_number": 166759744381,
            "public_access_prevention": "inherited",
            "requester_pays": false,
            "retention_policy": [],
            "rpo": null,
            "self_link": "https://www.googleapis.com/storage/v1/b/ismyhouseonfire-dev",
            "soft_delete_policy": [
              {
                "effective_time": "2024-11-09T14:23:07.004Z",
                "retention_duration_seconds": 604800
              }
            ],
            "storage_class": "STANDARD",
            "terraform_labels": {
              "goog-terraform-provisioned": "true"
            },
            "timeouts": null,
            "uniform_bucket_level_access": false,
            "url": "gs://ismyhouseonfire-dev",
            "versioning": [],
            "website": [
              {
                "main_page_suffix": "index.html",
                "not_found_page": "404.html"
              }
            ]
          },
          "sensitive_attributes": [],
          "private": "eyJlMmJmYjczMC1lY2FhLTExZTYtOGY4OC0zNDM2M2JjN2M0YzAiOnsiY3JlYXRlIjo2MDAwMDAwMDAwMDAsInJlYWQiOjI0MDAwMDAwMDAwMCwidXBkYXRlIjoyNDAwMDAwMDAwMDB9LCJzY2hlbWFfdmVyc2lvbiI6IjMifQ=="
        }
      ]
    },
    {
      "mode": "managed",
      "type": "google_storage_bucket_iam_member",
      "name": "public_access",
      "provider": "provider[\"registry.terraform.io/hashicorp/google\"]",
      "instances": [
        {
          "schema_version": 0,
          "attributes": {
            "bucket": "b/ismyhouseonfire-dev",
            "condition": [],
            "etag": "CAM=",
            "id": "b/ismyhouseonfire-dev/roles/storage.objectViewer/allUsers",
            "member": "allUsers",
            "role": "roles/storage.objectViewer"
          },
          "sensitive_attributes": [],
          "private": "bnVsbA==",
          "dependencies": [
            "google_storage_bucket.react_app"
          ]
        }
      ]
    },
    {
      "mode": "managed",
      "type": "google_storage_bucket_object",
      "name": "react_app_files",
      "provider": "provider[\"registry.terraform.io/hashicorp/google\"]",
      "instances": [
        {
          "index_key": "asset-manifest.json",
          "schema_version": 0,
          "attributes": {
            "bucket": "ismyhouseonfire-dev",
            "cache_control": "",
            "content": null,
            "content_disposition": "",
            "content_encoding": "",
            "content_language": "",
            "content_type": "application/octet-stream",
            "crc32c": "U+MJlQ==",
            "customer_encryption": [],
            "detect_md5hash": "xE/52n2GfwuHqCWQOVk0eA==",
            "event_based_hold": false,
            "generation": 1731201667257426,
            "id": "ismyhouseonfire-dev-asset-manifest.json",
            "kms_key_name": "",
            "md5hash": "xE/52n2GfwuHqCWQOVk0eA==",
            "media_link": "https://storage.googleapis.com/download/storage/v1/b/ismyhouseonfire-dev/o/asset-manifest.json?generation=1731201667257426\u0026alt=media",
            "metadata": {},
            "name": "asset-manifest.json",
            "output_name": "asset-manifest.json",
            "retention": [],
            "self_link": "https://www.googleapis.com/storage/v1/b/ismyhouseonfire-dev/o/asset-manifest.json",
            "source": "../client/build/asset-manifest.json",
            "storage_class": "STANDARD",
            "temporary_hold": false,
            "timeouts": null
          },
          "sensitive_attributes": [
            [
              {
                "type": "get_attr",
                "value": "content"
              }
            ]
          ],
          "private": "eyJlMmJmYjczMC1lY2FhLTExZTYtOGY4OC0zNDM2M2JjN2M0YzAiOnsiY3JlYXRlIjoyNDAwMDAwMDAwMDAsImRlbGV0ZSI6MjQwMDAwMDAwMDAwLCJ1cGRhdGUiOjI0MDAwMDAwMDAwMH19",
          "dependencies": [
            "google_storage_bucket.react_app"
          ]
        },
        {
          "index_key": "favicon.ico",
          "schema_version": 0,
          "attributes": {
            "bucket": "ismyhouseonfire-dev",
            "cache_control": "",
            "content": null,
            "content_disposition": "",
            "content_encoding": "",
            "content_language": "",
            "content_type": "application/octet-stream",
            "crc32c": "TWYGDg==",
            "customer_encryption": [],
            "detect_md5hash": "ySuFpbkHxwIR9Owl4pqMSg==",
            "event_based_hold": false,
            "generation": 1731174719721038,
            "id": "ismyhouseonfire-dev-favicon.ico",
            "kms_key_name": "",
            "md5hash": "ySuFpbkHxwIR9Owl4pqMSg==",
            "media_link": "https://storage.googleapis.com/download/storage/v1/b/ismyhouseonfire-dev/o/favicon.ico?generation=1731174719721038\u0026alt=media",
            "metadata": {},
            "name": "favicon.ico",
            "output_name": "favicon.ico",
            "retention": [],
            "self_link": "https://www.googleapis.com/storage/v1/b/ismyhouseonfire-dev/o/favicon.ico",
            "source": "../client/build/favicon.ico",
            "storage_class": "STANDARD",
            "temporary_hold": false,
            "timeouts": null
          },
          "sensitive_attributes": [
            [
              {
                "type": "get_attr",
                "value": "content"
              }
            ]
          ],
          "private": "eyJlMmJmYjczMC1lY2FhLTExZTYtOGY4OC0zNDM2M2JjN2M0YzAiOnsiY3JlYXRlIjoyNDAwMDAwMDAwMDAsImRlbGV0ZSI6MjQwMDAwMDAwMDAwLCJ1cGRhdGUiOjI0MDAwMDAwMDAwMH19",
          "dependencies": [
            "google_storage_bucket.react_app"
          ]
        },
        {
          "index_key": "flames.png",
          "schema_version": 0,
          "attributes": {
            "bucket": "ismyhouseonfire-dev",
            "cache_control": "",
            "content": null,
            "content_disposition": "",
            "content_encoding": "",
            "content_language": "",
            "content_type": "application/octet-stream",
            "crc32c": "ZOZkNw==",
            "customer_encryption": [],
            "detect_md5hash": "4/gBFP/fKTzBTJfYTfAVkg==",
            "event_based_hold": false,
            "generation": 1731174720224194,
            "id": "ismyhouseonfire-dev-flames.png",
            "kms_key_name": "",
            "md5hash": "4/gBFP/fKTzBTJfYTfAVkg==",
            "media_link": "https://storage.googleapis.com/download/storage/v1/b/ismyhouseonfire-dev/o/flames.png?generation=1731174720224194\u0026alt=media",
            "metadata": {},
            "name": "flames.png",
            "output_name": "flames.png",
            "retention": [],
            "self_link": "https://www.googleapis.com/storage/v1/b/ismyhouseonfire-dev/o/flames.png",
            "source": "../client/build/flames.png",
            "storage_class": "STANDARD",
            "temporary_hold": false,
            "timeouts": null
          },
          "sensitive_attributes": [
            [
              {
                "type": "get_attr",
                "value": "content"
              }
            ]
          ],
          "private": "eyJlMmJmYjczMC1lY2FhLTExZTYtOGY4OC0zNDM2M2JjN2M0YzAiOnsiY3JlYXRlIjoyNDAwMDAwMDAwMDAsImRlbGV0ZSI6MjQwMDAwMDAwMDAwLCJ1cGRhdGUiOjI0MDAwMDAwMDAwMH19",
          "dependencies": [
            "google_storage_bucket.react_app"
          ]
        },
        {
          "index_key": "flames.svg",
          "schema_version": 0,
          "attributes": {
            "bucket": "ismyhouseonfire-dev",
            "cache_control": "",
            "content": null,
            "content_disposition": "",
            "content_encoding": "",
            "content_language": "",
            "content_type": "application/octet-stream",
            "crc32c": "Dr0adA==",
            "customer_encryption": [],
            "detect_md5hash": "XDGWjtX3g1sSXoEIrXB6gQ==",
            "event_based_hold": false,
            "generation": 1731174720508607,
            "id": "ismyhouseonfire-dev-flames.svg",
            "kms_key_name": "",
            "md5hash": "XDGWjtX3g1sSXoEIrXB6gQ==",
            "media_link": "https://storage.googleapis.com/download/storage/v1/b/ismyhouseonfire-dev/o/flames.svg?generation=1731174720508607\u0026alt=media",
            "metadata": {},
            "name": "flames.svg",
            "output_name": "flames.svg",
            "retention": [],
            "self_link": "https://www.googleapis.com/storage/v1/b/ismyhouseonfire-dev/o/flames.svg",
            "source": "../client/build/flames.svg",
            "storage_class": "STANDARD",
            "temporary_hold": false,
            "timeouts": null
          },
          "sensitive_attributes": [
            [
              {
                "type": "get_attr",
                "value": "content"
              }
            ]
          ],
          "private": "eyJlMmJmYjczMC1lY2FhLTExZTYtOGY4OC0zNDM2M2JjN2M0YzAiOnsiY3JlYXRlIjoyNDAwMDAwMDAwMDAsImRlbGV0ZSI6MjQwMDAwMDAwMDAwLCJ1cGRhdGUiOjI0MDAwMDAwMDAwMH19",
          "dependencies": [
            "google_storage_bucket.react_app"
          ]
        },
        {
          "index_key": "index.html",
          "schema_version": 0,
          "attributes": {
            "bucket": "ismyhouseonfire-dev",
            "cache_control": "",
            "content": null,
            "content_disposition": "",
            "content_encoding": "",
            "content_language": "",
            "content_type": "text/html",
            "crc32c": "noUTHg==",
            "customer_encryption": [],
            "detect_md5hash": "/yIEsmAylsCghbFmpTAA+g==",
            "event_based_hold": false,
            "generation": 1731201667214505,
            "id": "ismyhouseonfire-dev-index.html",
            "kms_key_name": "",
            "md5hash": "/yIEsmAylsCghbFmpTAA+g==",
            "media_link": "https://storage.googleapis.com/download/storage/v1/b/ismyhouseonfire-dev/o/index.html?generation=1731201667214505\u0026alt=media",
            "metadata": {},
            "name": "index.html",
            "output_name": "index.html",
            "retention": [],
            "self_link": "https://www.googleapis.com/storage/v1/b/ismyhouseonfire-dev/o/index.html",
            "source": "../client/build/index.html",
            "storage_class": "STANDARD",
            "temporary_hold": false,
            "timeouts": null
          },
          "sensitive_attributes": [
            [
              {
                "type": "get_attr",
                "value": "content"
              }
            ]
          ],
          "private": "eyJlMmJmYjczMC1lY2FhLTExZTYtOGY4OC0zNDM2M2JjN2M0YzAiOnsiY3JlYXRlIjoyNDAwMDAwMDAwMDAsImRlbGV0ZSI6MjQwMDAwMDAwMDAwLCJ1cGRhdGUiOjI0MDAwMDAwMDAwMH19",
          "dependencies": [
            "google_storage_bucket.react_app"
          ]
        },
        {
          "index_key": "liza.jpg",
          "schema_version": 0,
          "attributes": {
            "bucket": "ismyhouseonfire-dev",
            "cache_control": "",
            "content": null,
            "content_disposition": "",
            "content_encoding": "",
            "content_language": "",
            "content_type": "application/octet-stream",
            "crc32c": "MPnP5Q==",
            "customer_encryption": [],
            "detect_md5hash": "tbMbtjTQvqS43V4UXBARtg==",
            "event_based_hold": false,
            "generation": 1731201668111000,
            "id": "ismyhouseonfire-dev-liza.jpg",
            "kms_key_name": "",
            "md5hash": "tbMbtjTQvqS43V4UXBARtg==",
            "media_link": "https://storage.googleapis.com/download/storage/v1/b/ismyhouseonfire-dev/o/liza.jpg?generation=1731201668111000\u0026alt=media",
            "metadata": null,
            "name": "liza.jpg",
            "output_name": "liza.jpg",
            "retention": [],
            "self_link": "https://www.googleapis.com/storage/v1/b/ismyhouseonfire-dev/o/liza.jpg",
            "source": "../client/build/liza.jpg",
            "storage_class": "STANDARD",
            "temporary_hold": false,
            "timeouts": null
          },
          "sensitive_attributes": [
            [
              {
                "type": "get_attr",
                "value": "content"
              }
            ]
          ],
          "private": "eyJlMmJmYjczMC1lY2FhLTExZTYtOGY4OC0zNDM2M2JjN2M0YzAiOnsiY3JlYXRlIjoyNDAwMDAwMDAwMDAsImRlbGV0ZSI6MjQwMDAwMDAwMDAwLCJ1cGRhdGUiOjI0MDAwMDAwMDAwMH19",
          "dependencies": [
            "google_storage_bucket.react_app"
          ]
        },
        {
          "index_key": "logo.png",
          "schema_version": 0,
          "attributes": {
            "bucket": "ismyhouseonfire-dev",
            "cache_control": "",
            "content": null,
            "content_disposition": "",
            "content_encoding": "",
            "content_language": "",
            "content_type": "application/octet-stream",
            "crc32c": "+A/ZkA==",
            "customer_encryption": [],
            "detect_md5hash": "/ga1OszxZY3pANuyA0oU4w==",
            "event_based_hold": false,
            "generation": 1731201666514795,
            "id": "ismyhouseonfire-dev-logo.png",
            "kms_key_name": "",
            "md5hash": "/ga1OszxZY3pANuyA0oU4w==",
            "media_link": "https://storage.googleapis.com/download/storage/v1/b/ismyhouseonfire-dev/o/logo.png?generation=1731201666514795\u0026alt=media",
            "metadata": null,
            "name": "logo.png",
            "output_name": "logo.png",
            "retention": [],
            "self_link": "https://www.googleapis.com/storage/v1/b/ismyhouseonfire-dev/o/logo.png",
            "source": "../client/build/logo.png",
            "storage_class": "STANDARD",
            "temporary_hold": false,
            "timeouts": null
          },
          "sensitive_attributes": [
            [
              {
                "type": "get_attr",
                "value": "content"
              }
            ]
          ],
          "private": "eyJlMmJmYjczMC1lY2FhLTExZTYtOGY4OC0zNDM2M2JjN2M0YzAiOnsiY3JlYXRlIjoyNDAwMDAwMDAwMDAsImRlbGV0ZSI6MjQwMDAwMDAwMDAwLCJ1cGRhdGUiOjI0MDAwMDAwMDAwMH19",
          "dependencies": [
            "google_storage_bucket.react_app"
          ]
        },
        {
          "index_key": "logo192.png",
          "schema_version": 0,
          "attributes": {
            "bucket": "ismyhouseonfire-dev",
            "cache_control": "",
            "content": null,
            "content_disposition": "",
            "content_encoding": "",
            "content_language": "",
            "content_type": "application/octet-stream",
            "crc32c": "s1lfAQ==",
            "customer_encryption": [],
            "detect_md5hash": "M9vdAXdUk1Pu63hdAsKUrw==",
            "event_based_hold": false,
            "generation": 1731174720511775,
            "id": "ismyhouseonfire-dev-logo192.png",
            "kms_key_name": "",
            "md5hash": "M9vdAXdUk1Pu63hdAsKUrw==",
            "media_link": "https://storage.googleapis.com/download/storage/v1/b/ismyhouseonfire-dev/o/logo192.png?generation=1731174720511775\u0026alt=media",
            "metadata": {},
            "name": "logo192.png",
            "output_name": "logo192.png",
            "retention": [],
            "self_link": "https://www.googleapis.com/storage/v1/b/ismyhouseonfire-dev/o/logo192.png",
            "source": "../client/build/logo192.png",
            "storage_class": "STANDARD",
            "temporary_hold": false,
            "timeouts": null
          },
          "sensitive_attributes": [
            [
              {
                "type": "get_attr",
                "value": "content"
              }
            ]
          ],
          "private": "eyJlMmJmYjczMC1lY2FhLTExZTYtOGY4OC0zNDM2M2JjN2M0YzAiOnsiY3JlYXRlIjoyNDAwMDAwMDAwMDAsImRlbGV0ZSI6MjQwMDAwMDAwMDAwLCJ1cGRhdGUiOjI0MDAwMDAwMDAwMH19",
          "dependencies": [
            "google_storage_bucket.react_app"
          ]
        },
        {
          "index_key": "logo512.png",
          "schema_version": 0,
          "attributes": {
            "bucket": "ismyhouseonfire-dev",
            "cache_control": "",
            "content": null,
            "content_disposition": "",
            "content_encoding": "",
            "content_language": "",
            "content_type": "application/octet-stream",
            "crc32c": "RfRqlQ==",
            "customer_encryption": [],
            "detect_md5hash": "kXUV23TqjRruaiRs+8wLRQ==",
            "event_based_hold": false,
            "generation": 1731174719741754,
            "id": "ismyhouseonfire-dev-logo512.png",
            "kms_key_name": "",
            "md5hash": "kXUV23TqjRruaiRs+8wLRQ==",
            "media_link": "https://storage.googleapis.com/download/storage/v1/b/ismyhouseonfire-dev/o/logo512.png?generation=1731174719741754\u0026alt=media",
            "metadata": {},
            "name": "logo512.png",
            "output_name": "logo512.png",
            "retention": [],
            "self_link": "https://www.googleapis.com/storage/v1/b/ismyhouseonfire-dev/o/logo512.png",
            "source": "../client/build/logo512.png",
            "storage_class": "STANDARD",
            "temporary_hold": false,
            "timeouts": null
          },
          "sensitive_attributes": [
            [
              {
                "type": "get_attr",
                "value": "content"
              }
            ]
          ],
          "private": "eyJlMmJmYjczMC1lY2FhLTExZTYtOGY4OC0zNDM2M2JjN2M0YzAiOnsiY3JlYXRlIjoyNDAwMDAwMDAwMDAsImRlbGV0ZSI6MjQwMDAwMDAwMDAwLCJ1cGRhdGUiOjI0MDAwMDAwMDAwMH19",
          "dependencies": [
            "google_storage_bucket.react_app"
          ]
        },
        {
          "index_key": "manifest.json",
          "schema_version": 0,
          "attributes": {
            "bucket": "ismyhouseonfire-dev",
            "cache_control": "",
            "content": null,
            "content_disposition": "",
            "content_encoding": "",
            "content_language": "",
            "content_type": "application/octet-stream",
            "crc32c": "ERlHAw==",
            "customer_encryption": [],
            "detect_md5hash": "2dl1zr4uwgtsZS4eTBLM8A==",
            "event_based_hold": false,
            "generation": 1731174720412148,
            "id": "ismyhouseonfire-dev-manifest.json",
            "kms_key_name": "",
            "md5hash": "2dl1zr4uwgtsZS4eTBLM8A==",
            "media_link": "https://storage.googleapis.com/download/storage/v1/b/ismyhouseonfire-dev/o/manifest.json?generation=1731174720412148\u0026alt=media",
            "metadata": {},
            "name": "manifest.json",
            "output_name": "manifest.json",
            "retention": [],
            "self_link": "https://www.googleapis.com/storage/v1/b/ismyhouseonfire-dev/o/manifest.json",
            "source": "../client/build/manifest.json",
            "storage_class": "STANDARD",
            "temporary_hold": false,
            "timeouts": null
          },
          "sensitive_attributes": [
            [
              {
                "type": "get_attr",
                "value": "content"
              }
            ]
          ],
          "private": "eyJlMmJmYjczMC1lY2FhLTExZTYtOGY4OC0zNDM2M2JjN2M0YzAiOnsiY3JlYXRlIjoyNDAwMDAwMDAwMDAsImRlbGV0ZSI6MjQwMDAwMDAwMDAwLCJ1cGRhdGUiOjI0MDAwMDAwMDAwMH19",
          "dependencies": [
            "google_storage_bucket.react_app"
          ]
        },
        {
          "index_key": "robots.txt",
          "schema_version": 0,
          "attributes": {
            "bucket": "ismyhouseonfire-dev",
            "cache_control": "",
            "content": null,
            "content_disposition": "",
            "content_encoding": "",
            "content_language": "",
            "content_type": "application/octet-stream",
            "crc32c": "yUKu7g==",
            "customer_encryption": [],
            "detect_md5hash": "+h3tHtfBFDipsDhbHhEoUA==",
            "event_based_hold": false,
            "generation": 1731174720511415,
            "id": "ismyhouseonfire-dev-robots.txt",
            "kms_key_name": "",
            "md5hash": "+h3tHtfBFDipsDhbHhEoUA==",
            "media_link": "https://storage.googleapis.com/download/storage/v1/b/ismyhouseonfire-dev/o/robots.txt?generation=1731174720511415\u0026alt=media",
            "metadata": {},
            "name": "robots.txt",
            "output_name": "robots.txt",
            "retention": [],
            "self_link": "https://www.googleapis.com/storage/v1/b/ismyhouseonfire-dev/o/robots.txt",
            "source": "../client/build/robots.txt",
            "storage_class": "STANDARD",
            "temporary_hold": false,
            "timeouts": null
          },
          "sensitive_attributes": [
            [
              {
                "type": "get_attr",
                "value": "content"
              }
            ]
          ],
          "private": "eyJlMmJmYjczMC1lY2FhLTExZTYtOGY4OC0zNDM2M2JjN2M0YzAiOnsiY3JlYXRlIjoyNDAwMDAwMDAwMDAsImRlbGV0ZSI6MjQwMDAwMDAwMDAwLCJ1cGRhdGUiOjI0MDAwMDAwMDAwMH19",
          "dependencies": [
            "google_storage_bucket.react_app"
          ]
        },
        {
          "index_key": "static/css/main.5b7c0993.css",
          "schema_version": 0,
          "attributes": {
            "bucket": "ismyhouseonfire-dev",
            "cache_control": "",
            "content": null,
            "content_disposition": "",
            "content_encoding": "",
            "content_language": "",
            "content_type": "text/css",
            "crc32c": "b9MqHg==",
            "customer_encryption": [],
            "detect_md5hash": "IwYCUvaYxEEhwPQcGuanAw==",
            "event_based_hold": false,
            "generation": 1731201667225458,
            "id": "ismyhouseonfire-dev-static/css/main.5b7c0993.css",
            "kms_key_name": "",
            "md5hash": "IwYCUvaYxEEhwPQcGuanAw==",
            "media_link": "https://storage.googleapis.com/download/storage/v1/b/ismyhouseonfire-dev/o/static%2Fcss%2Fmain.5b7c0993.css?generation=1731201667225458\u0026alt=media",
            "metadata": null,
            "name": "static/css/main.5b7c0993.css",
            "output_name": "static/css/main.5b7c0993.css",
            "retention": [],
            "self_link": "https://www.googleapis.com/storage/v1/b/ismyhouseonfire-dev/o/static%2Fcss%2Fmain.5b7c0993.css",
            "source": "../client/build/static/css/main.5b7c0993.css",
            "storage_class": "STANDARD",
            "temporary_hold": false,
            "timeouts": null
          },
          "sensitive_attributes": [
            [
              {
                "type": "get_attr",
                "value": "content"
              }
            ]
          ],
          "private": "eyJlMmJmYjczMC1lY2FhLTExZTYtOGY4OC0zNDM2M2JjN2M0YzAiOnsiY3JlYXRlIjoyNDAwMDAwMDAwMDAsImRlbGV0ZSI6MjQwMDAwMDAwMDAwLCJ1cGRhdGUiOjI0MDAwMDAwMDAwMH19",
          "dependencies": [
            "google_storage_bucket.react_app"
          ]
        },
        {
          "index_key": "static/css/main.5b7c0993.css.map",
          "schema_version": 0,
          "attributes": {
            "bucket": "ismyhouseonfire-dev",
            "cache_control": "",
            "content": null,
            "content_disposition": "",
            "content_encoding": "",
            "content_language": "",
            "content_type": "application/octet-stream",
            "crc32c": "Up/Vww==",
            "customer_encryption": [],
            "detect_md5hash": "KAqqTytSKHVa/zvjyUT9Qw==",
            "event_based_hold": false,
            "generation": 1731201666600120,
            "id": "ismyhouseonfire-dev-static/css/main.5b7c0993.css.map",
            "kms_key_name": "",
            "md5hash": "KAqqTytSKHVa/zvjyUT9Qw==",
            "media_link": "https://storage.googleapis.com/download/storage/v1/b/ismyhouseonfire-dev/o/static%2Fcss%2Fmain.5b7c0993.css.map?generation=1731201666600120\u0026alt=media",
            "metadata": null,
            "name": "static/css/main.5b7c0993.css.map",
            "output_name": "static/css/main.5b7c0993.css.map",
            "retention": [],
            "self_link": "https://www.googleapis.com/storage/v1/b/ismyhouseonfire-dev/o/static%2Fcss%2Fmain.5b7c0993.css.map",
            "source": "../client/build/static/css/main.5b7c0993.css.map",
            "storage_class": "STANDARD",
            "temporary_hold": false,
            "timeouts": null
          },
          "sensitive_attributes": [
            [
              {
                "type": "get_attr",
                "value": "content"
              }
            ]
          ],
          "private": "eyJlMmJmYjczMC1lY2FhLTExZTYtOGY4OC0zNDM2M2JjN2M0YzAiOnsiY3JlYXRlIjoyNDAwMDAwMDAwMDAsImRlbGV0ZSI6MjQwMDAwMDAwMDAwLCJ1cGRhdGUiOjI0MDAwMDAwMDAwMH19",
          "dependencies": [
            "google_storage_bucket.react_app"
          ]
        },
        {
          "index_key": "static/js/453.45930b0c.chunk.js",
          "schema_version": 0,
          "attributes": {
            "bucket": "ismyhouseonfire-dev",
            "cache_control": "",
            "content": null,
            "content_disposition": "",
            "content_encoding": "",
            "content_language": "",
            "content_type": "application/javascript",
            "crc32c": "jV6I5Q==",
            "customer_encryption": [],
            "detect_md5hash": "n4rH43fThcz6/86Uk3g7uA==",
            "event_based_hold": false,
            "generation": 1731174720511302,
            "id": "ismyhouseonfire-dev-static/js/453.45930b0c.chunk.js",
            "kms_key_name": "",
            "md5hash": "n4rH43fThcz6/86Uk3g7uA==",
            "media_link": "https://storage.googleapis.com/download/storage/v1/b/ismyhouseonfire-dev/o/static%2Fjs%2F453.45930b0c.chunk.js?generation=1731174720511302\u0026alt=media",
            "metadata": {},
            "name": "static/js/453.45930b0c.chunk.js",
            "output_name": "static/js/453.45930b0c.chunk.js",
            "retention": [],
            "self_link": "https://www.googleapis.com/storage/v1/b/ismyhouseonfire-dev/o/static%2Fjs%2F453.45930b0c.chunk.js",
            "source": "../client/build/static/js/453.45930b0c.chunk.js",
            "storage_class": "STANDARD",
            "temporary_hold": false,
            "timeouts": null
          },
          "sensitive_attributes": [
            [
              {
                "type": "get_attr",
                "value": "content"
              }
            ]
          ],
          "private": "eyJlMmJmYjczMC1lY2FhLTExZTYtOGY4OC0zNDM2M2JjN2M0YzAiOnsiY3JlYXRlIjoyNDAwMDAwMDAwMDAsImRlbGV0ZSI6MjQwMDAwMDAwMDAwLCJ1cGRhdGUiOjI0MDAwMDAwMDAwMH19",
          "dependencies": [
            "google_storage_bucket.react_app"
          ]
        },
        {
          "index_key": "static/js/453.45930b0c.chunk.js.map",
          "schema_version": 0,
          "attributes": {
            "bucket": "ismyhouseonfire-dev",
            "cache_control": "",
            "content": null,
            "content_disposition": "",
            "content_encoding": "",
            "content_language": "",
            "content_type": "application/octet-stream",
            "crc32c": "QoMWdw==",
            "customer_encryption": [],
            "detect_md5hash": "ugPBxIF++Va/l2yRifSEqA==",
            "event_based_hold": false,
            "generation": 1731174719761037,
            "id": "ismyhouseonfire-dev-static/js/453.45930b0c.chunk.js.map",
            "kms_key_name": "",
            "md5hash": "ugPBxIF++Va/l2yRifSEqA==",
            "media_link": "https://storage.googleapis.com/download/storage/v1/b/ismyhouseonfire-dev/o/static%2Fjs%2F453.45930b0c.chunk.js.map?generation=1731174719761037\u0026alt=media",
            "metadata": {},
            "name": "static/js/453.45930b0c.chunk.js.map",
            "output_name": "static/js/453.45930b0c.chunk.js.map",
            "retention": [],
            "self_link": "https://www.googleapis.com/storage/v1/b/ismyhouseonfire-dev/o/static%2Fjs%2F453.45930b0c.chunk.js.map",
            "source": "../client/build/static/js/453.45930b0c.chunk.js.map",
            "storage_class": "STANDARD",
            "temporary_hold": false,
            "timeouts": null
          },
          "sensitive_attributes": [
            [
              {
                "type": "get_attr",
                "value": "content"
              }
            ]
          ],
          "private": "eyJlMmJmYjczMC1lY2FhLTExZTYtOGY4OC0zNDM2M2JjN2M0YzAiOnsiY3JlYXRlIjoyNDAwMDAwMDAwMDAsImRlbGV0ZSI6MjQwMDAwMDAwMDAwLCJ1cGRhdGUiOjI0MDAwMDAwMDAwMH19",
          "dependencies": [
            "google_storage_bucket.react_app"
          ]
        },
        {
          "index_key": "static/js/main.19ac6919.js",
          "schema_version": 0,
          "attributes": {
            "bucket": "ismyhouseonfire-dev",
            "cache_control": "",
            "content": null,
            "content_disposition": "",
            "content_encoding": "",
            "content_language": "",
            "content_type": "application/javascript",
            "crc32c": "Uefz5Q==",
            "customer_encryption": [],
            "detect_md5hash": "TNqPXAZgg8mZGk5A3G2JFw==",
            "event_based_hold": false,
            "generation": 1731201667569282,
            "id": "ismyhouseonfire-dev-static/js/main.19ac6919.js",
            "kms_key_name": "",
            "md5hash": "TNqPXAZgg8mZGk5A3G2JFw==",
            "media_link": "https://storage.googleapis.com/download/storage/v1/b/ismyhouseonfire-dev/o/static%2Fjs%2Fmain.19ac6919.js?generation=1731201667569282\u0026alt=media",
            "metadata": null,
            "name": "static/js/main.19ac6919.js",
            "output_name": "static/js/main.19ac6919.js",
            "retention": [],
            "self_link": "https://www.googleapis.com/storage/v1/b/ismyhouseonfire-dev/o/static%2Fjs%2Fmain.19ac6919.js",
            "source": "../client/build/static/js/main.19ac6919.js",
            "storage_class": "STANDARD",
            "temporary_hold": false,
            "timeouts": null
          },
          "sensitive_attributes": [
            [
              {
                "type": "get_attr",
                "value": "content"
              }
            ]
          ],
          "private": "eyJlMmJmYjczMC1lY2FhLTExZTYtOGY4OC0zNDM2M2JjN2M0YzAiOnsiY3JlYXRlIjoyNDAwMDAwMDAwMDAsImRlbGV0ZSI6MjQwMDAwMDAwMDAwLCJ1cGRhdGUiOjI0MDAwMDAwMDAwMH19",
          "dependencies": [
            "google_storage_bucket.react_app"
          ]
        },
        {
          "index_key": "static/js/main.19ac6919.js.LICENSE.txt",
          "schema_version": 0,
          "attributes": {
            "bucket": "ismyhouseonfire-dev",
            "cache_control": "",
            "content": null,
            "content_disposition": "",
            "content_encoding": "",
            "content_language": "",
            "content_type": "application/octet-stream",
            "crc32c": "v5Fftg==",
            "customer_encryption": [],
            "detect_md5hash": "sRTMhdpQSncvBA4/QPjkag==",
            "event_based_hold": false,
            "generation": 1731201667193169,
            "id": "ismyhouseonfire-dev-static/js/main.19ac6919.js.LICENSE.txt",
            "kms_key_name": "",
            "md5hash": "sRTMhdpQSncvBA4/QPjkag==",
            "media_link": "https://storage.googleapis.com/download/storage/v1/b/ismyhouseonfire-dev/o/static%2Fjs%2Fmain.19ac6919.js.LICENSE.txt?generation=1731201667193169\u0026alt=media",
            "metadata": null,
            "name": "static/js/main.19ac6919.js.LICENSE.txt",
            "output_name": "static/js/main.19ac6919.js.LICENSE.txt",
            "retention": [],
            "self_link": "https://www.googleapis.com/storage/v1/b/ismyhouseonfire-dev/o/static%2Fjs%2Fmain.19ac6919.js.LICENSE.txt",
            "source": "../client/build/static/js/main.19ac6919.js.LICENSE.txt",
            "storage_class": "STANDARD",
            "temporary_hold": false,
            "timeouts": null
          },
          "sensitive_attributes": [
            [
              {
                "type": "get_attr",
                "value": "content"
              }
            ]
          ],
          "private": "eyJlMmJmYjczMC1lY2FhLTExZTYtOGY4OC0zNDM2M2JjN2M0YzAiOnsiY3JlYXRlIjoyNDAwMDAwMDAwMDAsImRlbGV0ZSI6MjQwMDAwMDAwMDAwLCJ1cGRhdGUiOjI0MDAwMDAwMDAwMH19",
          "dependencies": [
            "google_storage_bucket.react_app"
          ]
        },
        {
          "index_key": "static/js/main.19ac6919.js.map",
          "schema_version": 0,
          "attributes": {
            "bucket": "ismyhouseonfire-dev",
            "cache_control": "",
            "content": null,
            "content_disposition": "",
            "content_encoding": "",
            "content_language": "",
            "content_type": "application/octet-stream",
            "crc32c": "ongJqw==",
            "customer_encryption": [],
            "detect_md5hash": "7bn6bgAvA/MTn7W7Z7D3iA==",
            "event_based_hold": false,
            "generation": 1731201667109471,
            "id": "ismyhouseonfire-dev-static/js/main.19ac6919.js.map",
            "kms_key_name": "",
            "md5hash": "7bn6bgAvA/MTn7W7Z7D3iA==",
            "media_link": "https://storage.googleapis.com/download/storage/v1/b/ismyhouseonfire-dev/o/static%2Fjs%2Fmain.19ac6919.js.map?generation=1731201667109471\u0026alt=media",
            "metadata": null,
            "name": "static/js/main.19ac6919.js.map",
            "output_name": "static/js/main.19ac6919.js.map",
            "retention": [],
            "self_link": "https://www.googleapis.com/storage/v1/b/ismyhouseonfire-dev/o/static%2Fjs%2Fmain.19ac6919.js.map",
            "source": "../client/build/static/js/main.19ac6919.js.map",
            "storage_class": "STANDARD",
            "temporary_hold": false,
            "timeouts": null
          },
          "sensitive_attributes": [
            [
              {
                "type": "get_attr",
                "value": "content"
              }
            ]
          ],
          "private": "eyJlMmJmYjczMC1lY2FhLTExZTYtOGY4OC0zNDM2M2JjN2M0YzAiOnsiY3JlYXRlIjoyNDAwMDAwMDAwMDAsImRlbGV0ZSI6MjQwMDAwMDAwMDAwLCJ1cGRhdGUiOjI0MDAwMDAwMDAwMH19",
          "dependencies": [
            "google_storage_bucket.react_app"
          ]
        }
      ]
    },
    {
      "mode": "managed",
      "type": "google_storage_bucket_object",
      "name": "react_config",
      "provider": "provider[\"registry.terraform.io/hashicorp/google\"]",
      "instances": [
        {
          "schema_version": 0,
          "attributes": {
            "bucket": "ismyhouseonfire-dev",
            "cache_control": "",
            "content": "window.API_URL = \"http://api1.ismyhouseonfire.tech\";\n",
            "content_disposition": "",
            "content_encoding": "",
            "content_language": "",
            "content_type": "text/plain; charset=utf-8",
            "crc32c": "L8fl2g==",
            "customer_encryption": [],
            "detect_md5hash": "IDxhsUL77P2t3QqjxVoffA==",
            "event_based_hold": false,
            "generation": 1731200388311112,
            "id": "ismyhouseonfire-dev-config.js",
            "kms_key_name": "",
            "md5hash": "IDxhsUL77P2t3QqjxVoffA==",
            "media_link": "https://storage.googleapis.com/download/storage/v1/b/ismyhouseonfire-dev/o/config.js?generation=1731200388311112\u0026alt=media",
            "metadata": {},
            "name": "config.js",
            "output_name": "config.js",
            "retention": [],
            "self_link": "https://www.googleapis.com/storage/v1/b/ismyhouseonfire-dev/o/config.js",
            "source": null,
            "storage_class": "STANDARD",
            "temporary_hold": false,
            "timeouts": null
          },
          "sensitive_attributes": [
            [
              {
                "type": "get_attr",
                "value": "content"
              }
            ]
          ],
          "private": "eyJlMmJmYjczMC1lY2FhLTExZTYtOGY4OC0zNDM2M2JjN2M0YzAiOnsiY3JlYXRlIjoyNDAwMDAwMDAwMDAsImRlbGV0ZSI6MjQwMDAwMDAwMDAwLCJ1cGRhdGUiOjI0MDAwMDAwMDAwMH19",
          "dependencies": [
            "google_storage_bucket.react_app"
          ]
        }
      ]
    }
  ],
  "check_results": null
}
