{
  "version": 4,
  "terraform_version": "1.9.8",
  "serial": 80,
  "lineage": "2e381263-3854-24c6-c2f2-971519a4f8e6",
  "outputs": {},
  "resources": [
    {
      "mode": "managed",
      "type": "google_cloud_run_service",
      "name": "flask_api",
      "provider": "provider[\"registry.terraform.io/hashicorp/google\"]",
      "instances": [
        {
          "index_key": 0,
          "schema_version": 2,
          "attributes": {
            "autogenerate_revision_name": true,
            "id": "locations/us-central1/namespaces/is-my-house-on-fire/services/flask-api-1",
            "location": "us-central1",
            "metadata": [
              {
                "annotations": {},
                "effective_annotations": {
                  "run.googleapis.com/ingress": "all",
                  "run.googleapis.com/ingress-status": "all",
                  "run.googleapis.com/operation-id": "e2b9facf-38c3-45a9-9856-f89c749b118e",
                  "run.googleapis.com/urls": "[\"https://flask-api-1-166759744381.us-central1.run.app\",\"https://flask-api-1-svgkugxoaa-uc.a.run.app\"]",
                  "serving.knative.dev/creator": "skylerwiernik@gmail.com",
                  "serving.knative.dev/lastModifier": "skylerwiernik@gmail.com"
                },
                "effective_labels": {
                  "cloud.googleapis.com/location": "us-central1"
                },
                "generation": 2,
                "labels": {},
                "namespace": "is-my-house-on-fire",
                "resource_version": "AAYmfJsHekY",
                "self_link": "/apis/serving.knative.dev/v1/namespaces/166759744381/services/flask-api-1",
                "terraform_labels": {},
                "uid": "93c24741-a047-4ec9-84db-6d7358aeed67"
              }
            ],
            "name": "flask-api-1",
            "project": "is-my-house-on-fire",
            "status": [
              {
                "conditions": [
                  {
                    "message": "",
                    "reason": "",
                    "status": "True",
                    "type": "Ready"
                  },
                  {
                    "message": "",
                    "reason": "",
                    "status": "True",
                    "type": "ConfigurationsReady"
                  },
                  {
                    "message": "",
                    "reason": "",
                    "status": "True",
                    "type": "RoutesReady"
                  }
                ],
                "latest_created_revision_name": "flask-api-1-00002-bfn",
                "latest_ready_revision_name": "flask-api-1-00002-bfn",
                "observed_generation": 2,
                "traffic": [
                  {
                    "latest_revision": true,
                    "percent": 100,
                    "revision_name": "flask-api-1-00002-bfn",
                    "tag": "",
                    "url": ""
                  }
                ],
                "url": "https://flask-api-1-svgkugxoaa-uc.a.run.app"
              }
            ],
            "template": [
              {
                "metadata": [
                  {
                    "annotations": {
                      "autoscaling.knative.dev/maxScale": "100"
                    },
                    "generation": 0,
                    "labels": {
                      "run.googleapis.com/startupProbeType": "Default"
                    },
                    "name": "",
                    "namespace": "",
                    "resource_version": "",
                    "self_link": "",
                    "uid": ""
                  }
                ],
                "spec": [
                  {
                    "container_concurrency": 80,
                    "containers": [
                      {
                        "args": [],
                        "command": [],
                        "env": [
                          {
                            "name": "API_URL",
                            "value": "http://api1.ismyhouseonfire.tech",
                            "value_from": []
                          }
                        ],
                        "env_from": [],
                        "image": "gcr.io/is-my-house-on-fire/flask-api:latest",
                        "liveness_probe": [],
                        "name": "",
                        "ports": [
                          {
                            "container_port": 8080,
                            "name": "http1",
                            "protocol": ""
                          }
                        ],
                        "resources": [
                          {
                            "limits": {
                              "cpu": "1000m",
                              "memory": "512Mi"
                            },
                            "requests": {}
                          }
                        ],
                        "startup_probe": [
                          {
                            "failure_threshold": 1,
                            "grpc": [],
                            "http_get": [],
                            "initial_delay_seconds": 0,
                            "period_seconds": 240,
                            "tcp_socket": [
                              {
                                "port": 8080
                              }
                            ],
                            "timeout_seconds": 240
                          }
                        ],
                        "volume_mounts": [],
                        "working_dir": ""
                      }
                    ],
                    "service_account_name": "166759744381-compute@developer.gserviceaccount.com",
                    "serving_state": "",
                    "timeout_seconds": 300,
                    "volumes": []
                  }
                ]
              }
            ],
            "timeouts": null,
            "traffic": [
              {
                "latest_revision": true,
                "percent": 100,
                "revision_name": "",
                "tag": "",
                "url": ""
              }
            ]
          },
          "sensitive_attributes": [],
          "private": "eyJlMmJmYjczMC1lY2FhLTExZTYtOGY4OC0zNDM2M2JjN2M0YzAiOnsiY3JlYXRlIjoxMjAwMDAwMDAwMDAwLCJkZWxldGUiOjEyMDAwMDAwMDAwMDAsInVwZGF0ZSI6MTIwMDAwMDAwMDAwMH0sInNjaGVtYV92ZXJzaW9uIjoiMiJ9"
        },
        {
          "index_key": 1,
          "schema_version": 2,
          "attributes": {
            "autogenerate_revision_name": true,
            "id": "locations/us-central1/namespaces/is-my-house-on-fire/services/flask-api-2",
            "location": "us-central1",
            "metadata": [
              {
                "annotations": {},
                "effective_annotations": {
                  "run.googleapis.com/ingress": "all",
                  "run.googleapis.com/ingress-status": "all",
                  "run.googleapis.com/operation-id": "21fbf2e7-01c7-4024-b0cf-d6e02719885c",
                  "run.googleapis.com/urls": "[\"https://flask-api-2-166759744381.us-central1.run.app\",\"https://flask-api-2-svgkugxoaa-uc.a.run.app\"]",
                  "serving.knative.dev/creator": "skylerwiernik@gmail.com",
                  "serving.knative.dev/lastModifier": "skylerwiernik@gmail.com"
                },
                "effective_labels": {
                  "cloud.googleapis.com/location": "us-central1"
                },
                "generation": 1,
                "labels": {},
                "namespace": "is-my-house-on-fire",
                "resource_version": "AAYmfVDa4rI",
                "self_link": "/apis/serving.knative.dev/v1/namespaces/166759744381/services/flask-api-2",
                "terraform_labels": {},
                "uid": "514b92b8-4f72-4ebb-93ad-7687d371a3bc"
              }
            ],
            "name": "flask-api-2",
            "project": "is-my-house-on-fire",
            "status": [
              {
                "conditions": [
                  {
                    "message": "",
                    "reason": "",
                    "status": "True",
                    "type": "Ready"
                  },
                  {
                    "message": "",
                    "reason": "",
                    "status": "True",
                    "type": "ConfigurationsReady"
                  },
                  {
                    "message": "",
                    "reason": "",
                    "status": "True",
                    "type": "RoutesReady"
                  }
                ],
                "latest_created_revision_name": "flask-api-2-00001-n7w",
                "latest_ready_revision_name": "flask-api-2-00001-n7w",
                "observed_generation": 1,
                "traffic": [
                  {
                    "latest_revision": true,
                    "percent": 100,
                    "revision_name": "flask-api-2-00001-n7w",
                    "tag": "",
                    "url": ""
                  }
                ],
                "url": "https://flask-api-2-svgkugxoaa-uc.a.run.app"
              }
            ],
            "template": [
              {
                "metadata": [
                  {
                    "annotations": {
                      "autoscaling.knative.dev/maxScale": "100"
                    },
                    "generation": 0,
                    "labels": {
                      "run.googleapis.com/startupProbeType": "Default"
                    },
                    "name": "",
                    "namespace": "",
                    "resource_version": "",
                    "self_link": "",
                    "uid": ""
                  }
                ],
                "spec": [
                  {
                    "container_concurrency": 80,
                    "containers": [
                      {
                        "args": [],
                        "command": [],
                        "env": [
                          {
                            "name": "API_URL",
                            "value": "http://api2.ismyhouseonfire.tech",
                            "value_from": []
                          }
                        ],
                        "env_from": [],
                        "image": "gcr.io/is-my-house-on-fire/flask-api:latest",
                        "liveness_probe": [],
                        "name": "",
                        "ports": [
                          {
                            "container_port": 8080,
                            "name": "http1",
                            "protocol": ""
                          }
                        ],
                        "resources": [
                          {
                            "limits": {
                              "cpu": "1000m",
                              "memory": "512Mi"
                            },
                            "requests": {}
                          }
                        ],
                        "startup_probe": [
                          {
                            "failure_threshold": 1,
                            "grpc": [],
                            "http_get": [],
                            "initial_delay_seconds": 0,
                            "period_seconds": 240,
                            "tcp_socket": [
                              {
                                "port": 8080
                              }
                            ],
                            "timeout_seconds": 240
                          }
                        ],
                        "volume_mounts": [],
                        "working_dir": ""
                      }
                    ],
                    "service_account_name": "166759744381-compute@developer.gserviceaccount.com",
                    "serving_state": "",
                    "timeout_seconds": 300,
                    "volumes": []
                  }
                ]
              }
            ],
            "timeouts": null,
            "traffic": [
              {
                "latest_revision": true,
                "percent": 100,
                "revision_name": "",
                "tag": "",
                "url": ""
              }
            ]
          },
          "sensitive_attributes": [],
          "private": "eyJlMmJmYjczMC1lY2FhLTExZTYtOGY4OC0zNDM2M2JjN2M0YzAiOnsiY3JlYXRlIjoxMjAwMDAwMDAwMDAwLCJkZWxldGUiOjEyMDAwMDAwMDAwMDAsInVwZGF0ZSI6MTIwMDAwMDAwMDAwMH0sInNjaGVtYV92ZXJzaW9uIjoiMiJ9"
        },
        {
          "index_key": 2,
          "schema_version": 2,
          "attributes": {
            "autogenerate_revision_name": true,
            "id": "locations/us-central1/namespaces/is-my-house-on-fire/services/flask-api-3",
            "location": "us-central1",
            "metadata": [
              {
                "annotations": {},
                "effective_annotations": {
                  "run.googleapis.com/ingress": "all",
                  "run.googleapis.com/ingress-status": "all",
                  "run.googleapis.com/operation-id": "e695153a-3e46-4764-a9f5-3dec977bb495",
                  "run.googleapis.com/urls": "[\"https://flask-api-3-166759744381.us-central1.run.app\",\"https://flask-api-3-svgkugxoaa-uc.a.run.app\"]",
                  "serving.knative.dev/creator": "skylerwiernik@gmail.com",
                  "serving.knative.dev/lastModifier": "skylerwiernik@gmail.com"
                },
                "effective_labels": {
                  "cloud.googleapis.com/location": "us-central1"
                },
                "generation": 1,
                "labels": {},
                "namespace": "is-my-house-on-fire",
                "resource_version": "AAYmfU+pnRI",
                "self_link": "/apis/serving.knative.dev/v1/namespaces/166759744381/services/flask-api-3",
                "terraform_labels": {},
                "uid": "83c623c5-e8eb-4682-9ecb-47388fb9e99f"
              }
            ],
            "name": "flask-api-3",
            "project": "is-my-house-on-fire",
            "status": [
              {
                "conditions": [
                  {
                    "message": "",
                    "reason": "",
                    "status": "True",
                    "type": "Ready"
                  },
                  {
                    "message": "",
                    "reason": "",
                    "status": "True",
                    "type": "ConfigurationsReady"
                  },
                  {
                    "message": "",
                    "reason": "",
                    "status": "True",
                    "type": "RoutesReady"
                  }
                ],
                "latest_created_revision_name": "flask-api-3-00001-gk7",
                "latest_ready_revision_name": "flask-api-3-00001-gk7",
                "observed_generation": 1,
                "traffic": [
                  {
                    "latest_revision": true,
                    "percent": 100,
                    "revision_name": "flask-api-3-00001-gk7",
                    "tag": "",
                    "url": ""
                  }
                ],
                "url": "https://flask-api-3-svgkugxoaa-uc.a.run.app"
              }
            ],
            "template": [
              {
                "metadata": [
                  {
                    "annotations": {
                      "autoscaling.knative.dev/maxScale": "100"
                    },
                    "generation": 0,
                    "labels": {
                      "run.googleapis.com/startupProbeType": "Default"
                    },
                    "name": "",
                    "namespace": "",
                    "resource_version": "",
                    "self_link": "",
                    "uid": ""
                  }
                ],
                "spec": [
                  {
                    "container_concurrency": 80,
                    "containers": [
                      {
                        "args": [],
                        "command": [],
                        "env": [
                          {
                            "name": "API_URL",
                            "value": "http://api3.ismyhouseonfire.tech",
                            "value_from": []
                          }
                        ],
                        "env_from": [],
                        "image": "gcr.io/is-my-house-on-fire/flask-api:latest",
                        "liveness_probe": [],
                        "name": "",
                        "ports": [
                          {
                            "container_port": 8080,
                            "name": "http1",
                            "protocol": ""
                          }
                        ],
                        "resources": [
                          {
                            "limits": {
                              "cpu": "1000m",
                              "memory": "512Mi"
                            },
                            "requests": {}
                          }
                        ],
                        "startup_probe": [
                          {
                            "failure_threshold": 1,
                            "grpc": [],
                            "http_get": [],
                            "initial_delay_seconds": 0,
                            "period_seconds": 240,
                            "tcp_socket": [
                              {
                                "port": 8080
                              }
                            ],
                            "timeout_seconds": 240
                          }
                        ],
                        "volume_mounts": [],
                        "working_dir": ""
                      }
                    ],
                    "service_account_name": "166759744381-compute@developer.gserviceaccount.com",
                    "serving_state": "",
                    "timeout_seconds": 300,
                    "volumes": []
                  }
                ]
              }
            ],
            "timeouts": null,
            "traffic": [
              {
                "latest_revision": true,
                "percent": 100,
                "revision_name": "",
                "tag": "",
                "url": ""
              }
            ]
          },
          "sensitive_attributes": [],
          "private": "eyJlMmJmYjczMC1lY2FhLTExZTYtOGY4OC0zNDM2M2JjN2M0YzAiOnsiY3JlYXRlIjoxMjAwMDAwMDAwMDAwLCJkZWxldGUiOjEyMDAwMDAwMDAwMDAsInVwZGF0ZSI6MTIwMDAwMDAwMDAwMH0sInNjaGVtYV92ZXJzaW9uIjoiMiJ9"
        }
      ]
    },
    {
      "mode": "managed",
      "type": "google_dns_managed_zone",
      "name": "my_zone",
      "provider": "provider[\"registry.terraform.io/hashicorp/google\"]",
      "instances": [
        {
          "schema_version": 0,
          "attributes": {
            "cloud_logging_config": [
              {
                "enable_logging": false
              }
            ],
            "creation_time": "2024-11-09T15:33:58.444Z",
            "description": "Managed by Terraform",
            "dns_name": "ismyhouseonfire.tech.",
            "dnssec_config": [],
            "effective_labels": {
              "goog-terraform-provisioned": "true"
            },
            "force_destroy": false,
            "forwarding_config": [],
            "id": "projects/is-my-house-on-fire/managedZones/ismyhouseonfire-dev-zone",
            "labels": {},
            "managed_zone_id": 5252184239924982110,
            "name": "ismyhouseonfire-dev-zone",
            "name_servers": [
              "ns-cloud-e1.googledomains.com.",
              "ns-cloud-e2.googledomains.com.",
              "ns-cloud-e3.googledomains.com.",
              "ns-cloud-e4.googledomains.com."
            ],
            "peering_config": [],
            "private_visibility_config": [],
            "project": "is-my-house-on-fire",
            "terraform_labels": {
              "goog-terraform-provisioned": "true"
            },
            "timeouts": null,
            "visibility": "public"
          },
          "sensitive_attributes": [],
          "private": "eyJlMmJmYjczMC1lY2FhLTExZTYtOGY4OC0zNDM2M2JjN2M0YzAiOnsiY3JlYXRlIjoxMjAwMDAwMDAwMDAwLCJkZWxldGUiOjEyMDAwMDAwMDAwMDAsInVwZGF0ZSI6MTIwMDAwMDAwMDAwMH19"
        }
      ]
    },
    {
      "mode": "managed",
      "type": "google_dns_record_set",
      "name": "api_dns",
      "provider": "provider[\"registry.terraform.io/hashicorp/google\"]",
      "instances": [
        {
          "index_key": 0,
          "schema_version": 0,
          "attributes": {
            "id": "projects/is-my-house-on-fire/managedZones/ismyhouseonfire-dev-zone/rrsets/api1.ismyhouseonfire.tech./CNAME",
            "managed_zone": "ismyhouseonfire-dev-zone",
            "name": "api1.ismyhouseonfire.tech.",
            "project": "is-my-house-on-fire",
            "routing_policy": [],
            "rrdatas": [
              "flask-api-1-svgkugxoaa-uc.a.run.app."
            ],
            "ttl": 300,
            "type": "CNAME"
          },
          "sensitive_attributes": [],
          "private": "bnVsbA==",
          "dependencies": [
            "google_dns_managed_zone.my_zone"
          ]
        },
        {
          "index_key": 1,
          "schema_version": 0,
          "attributes": {
            "id": "projects/is-my-house-on-fire/managedZones/ismyhouseonfire-dev-zone/rrsets/api2.ismyhouseonfire.tech./CNAME",
            "managed_zone": "ismyhouseonfire-dev-zone",
            "name": "api2.ismyhouseonfire.tech.",
            "project": "is-my-house-on-fire",
            "routing_policy": [],
            "rrdatas": [
              "flask-api-2-svgkugxoaa-uc.a.run.app."
            ],
            "ttl": 300,
            "type": "CNAME"
          },
          "sensitive_attributes": [],
          "private": "bnVsbA==",
          "dependencies": [
            "google_dns_managed_zone.my_zone"
          ]
        },
        {
          "index_key": 2,
          "schema_version": 0,
          "attributes": {
            "id": "projects/is-my-house-on-fire/managedZones/ismyhouseonfire-dev-zone/rrsets/api3.ismyhouseonfire.tech./CNAME",
            "managed_zone": "ismyhouseonfire-dev-zone",
            "name": "api3.ismyhouseonfire.tech.",
            "project": "is-my-house-on-fire",
            "routing_policy": [],
            "rrdatas": [
              "flask-api-3-svgkugxoaa-uc.a.run.app."
            ],
            "ttl": 300,
            "type": "CNAME"
          },
          "sensitive_attributes": [],
          "private": "bnVsbA==",
          "dependencies": [
            "google_dns_managed_zone.my_zone"
          ]
        }
      ]
    },
    {
      "mode": "managed",
      "type": "google_storage_bucket",
      "name": "react_app",
      "provider": "provider[\"registry.terraform.io/hashicorp/google\"]",
      "instances": [
        {
          "schema_version": 3,
          "attributes": {
            "autoclass": [],
            "cors": [],
            "custom_placement_config": [],
            "default_event_based_hold": false,
            "effective_labels": {
              "goog-terraform-provisioned": "true"
            },
            "enable_object_retention": false,
            "encryption": [],
            "force_destroy": false,
            "hierarchical_namespace": [
              {
                "enabled": false
              }
            ],
            "id": "ismyhouseonfire-dev",
            "labels": {},
            "lifecycle_rule": [],
            "location": "US-CENTRAL1",
            "logging": [],
            "name": "ismyhouseonfire-dev",
            "project": "is-my-house-on-fire",
            "project_number": 166759744381,
            "public_access_prevention": "inherited",
            "requester_pays": false,
            "retention_policy": [],
            "rpo": null,
            "self_link": "https://www.googleapis.com/storage/v1/b/ismyhouseonfire-dev",
            "soft_delete_policy": [
              {
                "effective_time": "2024-11-09T14:23:07.004Z",
                "retention_duration_seconds": 604800
              }
            ],
            "storage_class": "STANDARD",
            "terraform_labels": {
              "goog-terraform-provisioned": "true"
            },
            "timeouts": null,
            "uniform_bucket_level_access": false,
            "url": "gs://ismyhouseonfire-dev",
            "versioning": [],
            "website": [
              {
                "main_page_suffix": "index.html",
                "not_found_page": "404.html"
              }
            ]
          },
          "sensitive_attributes": [],
          "private": "eyJlMmJmYjczMC1lY2FhLTExZTYtOGY4OC0zNDM2M2JjN2M0YzAiOnsiY3JlYXRlIjo2MDAwMDAwMDAwMDAsInJlYWQiOjI0MDAwMDAwMDAwMCwidXBkYXRlIjoyNDAwMDAwMDAwMDB9LCJzY2hlbWFfdmVyc2lvbiI6IjMifQ=="
        }
      ]
    },
    {
      "mode": "managed",
      "type": "google_storage_bucket_iam_member",
      "name": "public_access",
      "provider": "provider[\"registry.terraform.io/hashicorp/google\"]",
      "instances": [
        {
          "schema_version": 0,
          "attributes": {
            "bucket": "b/ismyhouseonfire-dev",
            "condition": [],
            "etag": "CAI=",
            "id": "b/ismyhouseonfire-dev/roles/storage.objectViewer/allUsers",
            "member": "allUsers",
            "role": "roles/storage.objectViewer"
          },
          "sensitive_attributes": [],
          "private": "bnVsbA==",
          "dependencies": [
            "google_storage_bucket.react_app"
          ]
        }
      ]
    },
    {
      "mode": "managed",
      "type": "google_storage_bucket_object",
      "name": "react_app_files",
      "provider": "provider[\"registry.terraform.io/hashicorp/google\"]",
      "instances": [
        {
          "index_key": "asset-manifest.json",
          "schema_version": 0,
          "attributes": {
            "bucket": "ismyhouseonfire-dev",
            "cache_control": "",
            "content": null,
            "content_disposition": "",
            "content_encoding": "",
            "content_language": "",
            "content_type": "application/octet-stream",
            "crc32c": "it86lw==",
            "customer_encryption": [],
            "detect_md5hash": "6wMjWrm22UXnF3NiR50ItA==",
            "event_based_hold": false,
            "generation": 1731170443686468,
            "id": "ismyhouseonfire-dev-asset-manifest.json",
            "kms_key_name": "",
            "md5hash": "6wMjWrm22UXnF3NiR50ItA==",
            "media_link": "https://storage.googleapis.com/download/storage/v1/b/ismyhouseonfire-dev/o/asset-manifest.json?generation=1731170443686468\u0026alt=media",
            "metadata": {},
            "name": "asset-manifest.json",
            "output_name": "asset-manifest.json",
            "retention": [],
            "self_link": "https://www.googleapis.com/storage/v1/b/ismyhouseonfire-dev/o/asset-manifest.json",
            "source": "../client/build/asset-manifest.json",
            "storage_class": "STANDARD",
            "temporary_hold": false,
            "timeouts": null
          },
          "sensitive_attributes": [
            [
              {
                "type": "get_attr",
                "value": "content"
              }
            ]
          ],
          "private": "eyJlMmJmYjczMC1lY2FhLTExZTYtOGY4OC0zNDM2M2JjN2M0YzAiOnsiY3JlYXRlIjoyNDAwMDAwMDAwMDAsImRlbGV0ZSI6MjQwMDAwMDAwMDAwLCJ1cGRhdGUiOjI0MDAwMDAwMDAwMH19",
          "dependencies": [
            "google_storage_bucket.react_app"
          ]
        },
        {
          "index_key": "favicon.ico",
          "schema_version": 0,
          "attributes": {
            "bucket": "ismyhouseonfire-dev",
            "cache_control": "",
            "content": null,
            "content_disposition": "",
            "content_encoding": "",
            "content_language": "",
            "content_type": "application/octet-stream",
            "crc32c": "TWYGDg==",
            "customer_encryption": [],
            "detect_md5hash": "ySuFpbkHxwIR9Owl4pqMSg==",
            "event_based_hold": false,
            "generation": 1731170444343347,
            "id": "ismyhouseonfire-dev-favicon.ico",
            "kms_key_name": "",
            "md5hash": "ySuFpbkHxwIR9Owl4pqMSg==",
            "media_link": "https://storage.googleapis.com/download/storage/v1/b/ismyhouseonfire-dev/o/favicon.ico?generation=1731170444343347\u0026alt=media",
            "metadata": {},
            "name": "favicon.ico",
            "output_name": "favicon.ico",
            "retention": [],
            "self_link": "https://www.googleapis.com/storage/v1/b/ismyhouseonfire-dev/o/favicon.ico",
            "source": "../client/build/favicon.ico",
            "storage_class": "STANDARD",
            "temporary_hold": false,
            "timeouts": null
          },
          "sensitive_attributes": [
            [
              {
                "type": "get_attr",
                "value": "content"
              }
            ]
          ],
          "private": "eyJlMmJmYjczMC1lY2FhLTExZTYtOGY4OC0zNDM2M2JjN2M0YzAiOnsiY3JlYXRlIjoyNDAwMDAwMDAwMDAsImRlbGV0ZSI6MjQwMDAwMDAwMDAwLCJ1cGRhdGUiOjI0MDAwMDAwMDAwMH19",
          "dependencies": [
            "google_storage_bucket.react_app"
          ]
        },
        {
          "index_key": "flames.png",
          "schema_version": 0,
          "attributes": {
            "bucket": "ismyhouseonfire-dev",
            "cache_control": "",
            "content": null,
            "content_disposition": "",
            "content_encoding": "",
            "content_language": "",
            "content_type": "application/octet-stream",
            "crc32c": "ZOZkNw==",
            "customer_encryption": [],
            "detect_md5hash": "4/gBFP/fKTzBTJfYTfAVkg==",
            "event_based_hold": false,
            "generation": 1731170443728036,
            "id": "ismyhouseonfire-dev-flames.png",
            "kms_key_name": "",
            "md5hash": "4/gBFP/fKTzBTJfYTfAVkg==",
            "media_link": "https://storage.googleapis.com/download/storage/v1/b/ismyhouseonfire-dev/o/flames.png?generation=1731170443728036\u0026alt=media",
            "metadata": {},
            "name": "flames.png",
            "output_name": "flames.png",
            "retention": [],
            "self_link": "https://www.googleapis.com/storage/v1/b/ismyhouseonfire-dev/o/flames.png",
            "source": "../client/build/flames.png",
            "storage_class": "STANDARD",
            "temporary_hold": false,
            "timeouts": null
          },
          "sensitive_attributes": [
            [
              {
                "type": "get_attr",
                "value": "content"
              }
            ]
          ],
          "private": "eyJlMmJmYjczMC1lY2FhLTExZTYtOGY4OC0zNDM2M2JjN2M0YzAiOnsiY3JlYXRlIjoyNDAwMDAwMDAwMDAsImRlbGV0ZSI6MjQwMDAwMDAwMDAwLCJ1cGRhdGUiOjI0MDAwMDAwMDAwMH19",
          "dependencies": [
            "google_storage_bucket.react_app"
          ]
        },
        {
          "index_key": "flames.svg",
          "schema_version": 0,
          "attributes": {
            "bucket": "ismyhouseonfire-dev",
            "cache_control": "",
            "content": null,
            "content_disposition": "",
            "content_encoding": "",
            "content_language": "",
            "content_type": "application/octet-stream",
            "crc32c": "Dr0adA==",
            "customer_encryption": [],
            "detect_md5hash": "XDGWjtX3g1sSXoEIrXB6gQ==",
            "event_based_hold": false,
            "generation": 1731170443695647,
            "id": "ismyhouseonfire-dev-flames.svg",
            "kms_key_name": "",
            "md5hash": "XDGWjtX3g1sSXoEIrXB6gQ==",
            "media_link": "https://storage.googleapis.com/download/storage/v1/b/ismyhouseonfire-dev/o/flames.svg?generation=1731170443695647\u0026alt=media",
            "metadata": {},
            "name": "flames.svg",
            "output_name": "flames.svg",
            "retention": [],
            "self_link": "https://www.googleapis.com/storage/v1/b/ismyhouseonfire-dev/o/flames.svg",
            "source": "../client/build/flames.svg",
            "storage_class": "STANDARD",
            "temporary_hold": false,
            "timeouts": null
          },
          "sensitive_attributes": [
            [
              {
                "type": "get_attr",
                "value": "content"
              }
            ]
          ],
          "private": "eyJlMmJmYjczMC1lY2FhLTExZTYtOGY4OC0zNDM2M2JjN2M0YzAiOnsiY3JlYXRlIjoyNDAwMDAwMDAwMDAsImRlbGV0ZSI6MjQwMDAwMDAwMDAwLCJ1cGRhdGUiOjI0MDAwMDAwMDAwMH19",
          "dependencies": [
            "google_storage_bucket.react_app"
          ]
        },
        {
          "index_key": "index.html",
          "schema_version": 0,
          "attributes": {
            "bucket": "ismyhouseonfire-dev",
            "cache_control": "",
            "content": null,
            "content_disposition": "",
            "content_encoding": "",
            "content_language": "",
            "content_type": "text/html",
            "crc32c": "T/5HWw==",
            "customer_encryption": [],
            "detect_md5hash": "LQ+dUpg2FCdYv4n+4hxzCw==",
            "event_based_hold": false,
            "generation": 1731170443676866,
            "id": "ismyhouseonfire-dev-index.html",
            "kms_key_name": "",
            "md5hash": "LQ+dUpg2FCdYv4n+4hxzCw==",
            "media_link": "https://storage.googleapis.com/download/storage/v1/b/ismyhouseonfire-dev/o/index.html?generation=1731170443676866\u0026alt=media",
            "metadata": {},
            "name": "index.html",
            "output_name": "index.html",
            "retention": [],
            "self_link": "https://www.googleapis.com/storage/v1/b/ismyhouseonfire-dev/o/index.html",
            "source": "../client/build/index.html",
            "storage_class": "STANDARD",
            "temporary_hold": false,
            "timeouts": null
          },
          "sensitive_attributes": [
            [
              {
                "type": "get_attr",
                "value": "content"
              }
            ]
          ],
          "private": "eyJlMmJmYjczMC1lY2FhLTExZTYtOGY4OC0zNDM2M2JjN2M0YzAiOnsiY3JlYXRlIjoyNDAwMDAwMDAwMDAsImRlbGV0ZSI6MjQwMDAwMDAwMDAwLCJ1cGRhdGUiOjI0MDAwMDAwMDAwMH19",
          "dependencies": [
            "google_storage_bucket.react_app"
          ]
        },
        {
          "index_key": "logo192.png",
          "schema_version": 0,
          "attributes": {
            "bucket": "ismyhouseonfire-dev",
            "cache_control": "",
            "content": null,
            "content_disposition": "",
            "content_encoding": "",
            "content_language": "",
            "content_type": "application/octet-stream",
            "crc32c": "s1lfAQ==",
            "customer_encryption": [],
            "detect_md5hash": "M9vdAXdUk1Pu63hdAsKUrw==",
            "event_based_hold": false,
            "generation": 1731170444060513,
            "id": "ismyhouseonfire-dev-logo192.png",
            "kms_key_name": "",
            "md5hash": "M9vdAXdUk1Pu63hdAsKUrw==",
            "media_link": "https://storage.googleapis.com/download/storage/v1/b/ismyhouseonfire-dev/o/logo192.png?generation=1731170444060513\u0026alt=media",
            "metadata": {},
            "name": "logo192.png",
            "output_name": "logo192.png",
            "retention": [],
            "self_link": "https://www.googleapis.com/storage/v1/b/ismyhouseonfire-dev/o/logo192.png",
            "source": "../client/build/logo192.png",
            "storage_class": "STANDARD",
            "temporary_hold": false,
            "timeouts": null
          },
          "sensitive_attributes": [
            [
              {
                "type": "get_attr",
                "value": "content"
              }
            ]
          ],
          "private": "eyJlMmJmYjczMC1lY2FhLTExZTYtOGY4OC0zNDM2M2JjN2M0YzAiOnsiY3JlYXRlIjoyNDAwMDAwMDAwMDAsImRlbGV0ZSI6MjQwMDAwMDAwMDAwLCJ1cGRhdGUiOjI0MDAwMDAwMDAwMH19",
          "dependencies": [
            "google_storage_bucket.react_app"
          ]
        },
        {
          "index_key": "logo512.png",
          "schema_version": 0,
          "attributes": {
            "bucket": "ismyhouseonfire-dev",
            "cache_control": "",
            "content": null,
            "content_disposition": "",
            "content_encoding": "",
            "content_language": "",
            "content_type": "application/octet-stream",
            "crc32c": "RfRqlQ==",
            "customer_encryption": [],
            "detect_md5hash": "kXUV23TqjRruaiRs+8wLRQ==",
            "event_based_hold": false,
            "generation": 1731170444298439,
            "id": "ismyhouseonfire-dev-logo512.png",
            "kms_key_name": "",
            "md5hash": "kXUV23TqjRruaiRs+8wLRQ==",
            "media_link": "https://storage.googleapis.com/download/storage/v1/b/ismyhouseonfire-dev/o/logo512.png?generation=1731170444298439\u0026alt=media",
            "metadata": {},
            "name": "logo512.png",
            "output_name": "logo512.png",
            "retention": [],
            "self_link": "https://www.googleapis.com/storage/v1/b/ismyhouseonfire-dev/o/logo512.png",
            "source": "../client/build/logo512.png",
            "storage_class": "STANDARD",
            "temporary_hold": false,
            "timeouts": null
          },
          "sensitive_attributes": [
            [
              {
                "type": "get_attr",
                "value": "content"
              }
            ]
          ],
          "private": "eyJlMmJmYjczMC1lY2FhLTExZTYtOGY4OC0zNDM2M2JjN2M0YzAiOnsiY3JlYXRlIjoyNDAwMDAwMDAwMDAsImRlbGV0ZSI6MjQwMDAwMDAwMDAwLCJ1cGRhdGUiOjI0MDAwMDAwMDAwMH19",
          "dependencies": [
            "google_storage_bucket.react_app"
          ]
        },
        {
          "index_key": "manifest.json",
          "schema_version": 0,
          "attributes": {
            "bucket": "ismyhouseonfire-dev",
            "cache_control": "",
            "content": null,
            "content_disposition": "",
            "content_encoding": "",
            "content_language": "",
            "content_type": "application/octet-stream",
            "crc32c": "ERlHAw==",
            "customer_encryption": [],
            "detect_md5hash": "2dl1zr4uwgtsZS4eTBLM8A==",
            "event_based_hold": false,
            "generation": 1731170443681828,
            "id": "ismyhouseonfire-dev-manifest.json",
            "kms_key_name": "",
            "md5hash": "2dl1zr4uwgtsZS4eTBLM8A==",
            "media_link": "https://storage.googleapis.com/download/storage/v1/b/ismyhouseonfire-dev/o/manifest.json?generation=1731170443681828\u0026alt=media",
            "metadata": {},
            "name": "manifest.json",
            "output_name": "manifest.json",
            "retention": [],
            "self_link": "https://www.googleapis.com/storage/v1/b/ismyhouseonfire-dev/o/manifest.json",
            "source": "../client/build/manifest.json",
            "storage_class": "STANDARD",
            "temporary_hold": false,
            "timeouts": null
          },
          "sensitive_attributes": [
            [
              {
                "type": "get_attr",
                "value": "content"
              }
            ]
          ],
          "private": "eyJlMmJmYjczMC1lY2FhLTExZTYtOGY4OC0zNDM2M2JjN2M0YzAiOnsiY3JlYXRlIjoyNDAwMDAwMDAwMDAsImRlbGV0ZSI6MjQwMDAwMDAwMDAwLCJ1cGRhdGUiOjI0MDAwMDAwMDAwMH19",
          "dependencies": [
            "google_storage_bucket.react_app"
          ]
        },
        {
          "index_key": "robots.txt",
          "schema_version": 0,
          "attributes": {
            "bucket": "ismyhouseonfire-dev",
            "cache_control": "",
            "content": null,
            "content_disposition": "",
            "content_encoding": "",
            "content_language": "",
            "content_type": "application/octet-stream",
            "crc32c": "yUKu7g==",
            "customer_encryption": [],
            "detect_md5hash": "+h3tHtfBFDipsDhbHhEoUA==",
            "event_based_hold": false,
            "generation": 1731170443684538,
            "id": "ismyhouseonfire-dev-robots.txt",
            "kms_key_name": "",
            "md5hash": "+h3tHtfBFDipsDhbHhEoUA==",
            "media_link": "https://storage.googleapis.com/download/storage/v1/b/ismyhouseonfire-dev/o/robots.txt?generation=1731170443684538\u0026alt=media",
            "metadata": {},
            "name": "robots.txt",
            "output_name": "robots.txt",
            "retention": [],
            "self_link": "https://www.googleapis.com/storage/v1/b/ismyhouseonfire-dev/o/robots.txt",
            "source": "../client/build/robots.txt",
            "storage_class": "STANDARD",
            "temporary_hold": false,
            "timeouts": null
          },
          "sensitive_attributes": [
            [
              {
                "type": "get_attr",
                "value": "content"
              }
            ]
          ],
          "private": "eyJlMmJmYjczMC1lY2FhLTExZTYtOGY4OC0zNDM2M2JjN2M0YzAiOnsiY3JlYXRlIjoyNDAwMDAwMDAwMDAsImRlbGV0ZSI6MjQwMDAwMDAwMDAwLCJ1cGRhdGUiOjI0MDAwMDAwMDAwMH19",
          "dependencies": [
            "google_storage_bucket.react_app"
          ]
        },
        {
          "index_key": "static/css/main.765d0f5b.css",
          "schema_version": 0,
          "attributes": {
            "bucket": "ismyhouseonfire-dev",
            "cache_control": "",
            "content": null,
            "content_disposition": "",
            "content_encoding": "",
            "content_language": "",
            "content_type": "text/css",
            "crc32c": "rLWYOQ==",
            "customer_encryption": [],
            "detect_md5hash": "dDa1EI5EjJV+49PM5Gc+pg==",
            "event_based_hold": false,
            "generation": 1731170444076638,
            "id": "ismyhouseonfire-dev-static/css/main.765d0f5b.css",
            "kms_key_name": "",
            "md5hash": "dDa1EI5EjJV+49PM5Gc+pg==",
            "media_link": "https://storage.googleapis.com/download/storage/v1/b/ismyhouseonfire-dev/o/static%2Fcss%2Fmain.765d0f5b.css?generation=1731170444076638\u0026alt=media",
            "metadata": {},
            "name": "static/css/main.765d0f5b.css",
            "output_name": "static/css/main.765d0f5b.css",
            "retention": [],
            "self_link": "https://www.googleapis.com/storage/v1/b/ismyhouseonfire-dev/o/static%2Fcss%2Fmain.765d0f5b.css",
            "source": "../client/build/static/css/main.765d0f5b.css",
            "storage_class": "STANDARD",
            "temporary_hold": false,
            "timeouts": null
          },
          "sensitive_attributes": [
            [
              {
                "type": "get_attr",
                "value": "content"
              }
            ]
          ],
          "private": "eyJlMmJmYjczMC1lY2FhLTExZTYtOGY4OC0zNDM2M2JjN2M0YzAiOnsiY3JlYXRlIjoyNDAwMDAwMDAwMDAsImRlbGV0ZSI6MjQwMDAwMDAwMDAwLCJ1cGRhdGUiOjI0MDAwMDAwMDAwMH19",
          "dependencies": [
            "google_storage_bucket.react_app"
          ]
        },
        {
          "index_key": "static/css/main.765d0f5b.css.map",
          "schema_version": 0,
          "attributes": {
            "bucket": "ismyhouseonfire-dev",
            "cache_control": "",
            "content": null,
            "content_disposition": "",
            "content_encoding": "",
            "content_language": "",
            "content_type": "application/octet-stream",
            "crc32c": "JGsdUQ==",
            "customer_encryption": [],
            "detect_md5hash": "6JZiKymb5GnDm//mWp1Thw==",
            "event_based_hold": false,
            "generation": 1731170443678233,
            "id": "ismyhouseonfire-dev-static/css/main.765d0f5b.css.map",
            "kms_key_name": "",
            "md5hash": "6JZiKymb5GnDm//mWp1Thw==",
            "media_link": "https://storage.googleapis.com/download/storage/v1/b/ismyhouseonfire-dev/o/static%2Fcss%2Fmain.765d0f5b.css.map?generation=1731170443678233\u0026alt=media",
            "metadata": {},
            "name": "static/css/main.765d0f5b.css.map",
            "output_name": "static/css/main.765d0f5b.css.map",
            "retention": [],
            "self_link": "https://www.googleapis.com/storage/v1/b/ismyhouseonfire-dev/o/static%2Fcss%2Fmain.765d0f5b.css.map",
            "source": "../client/build/static/css/main.765d0f5b.css.map",
            "storage_class": "STANDARD",
            "temporary_hold": false,
            "timeouts": null
          },
          "sensitive_attributes": [
            [
              {
                "type": "get_attr",
                "value": "content"
              }
            ]
          ],
          "private": "eyJlMmJmYjczMC1lY2FhLTExZTYtOGY4OC0zNDM2M2JjN2M0YzAiOnsiY3JlYXRlIjoyNDAwMDAwMDAwMDAsImRlbGV0ZSI6MjQwMDAwMDAwMDAwLCJ1cGRhdGUiOjI0MDAwMDAwMDAwMH19",
          "dependencies": [
            "google_storage_bucket.react_app"
          ]
        },
        {
          "index_key": "static/js/453.45930b0c.chunk.js",
          "schema_version": 0,
          "attributes": {
            "bucket": "ismyhouseonfire-dev",
            "cache_control": "",
            "content": null,
            "content_disposition": "",
            "content_encoding": "",
            "content_language": "",
            "content_type": "application/javascript",
            "crc32c": "jV6I5Q==",
            "customer_encryption": [],
            "detect_md5hash": "n4rH43fThcz6/86Uk3g7uA==",
            "event_based_hold": false,
            "generation": 1731170444279556,
            "id": "ismyhouseonfire-dev-static/js/453.45930b0c.chunk.js",
            "kms_key_name": "",
            "md5hash": "n4rH43fThcz6/86Uk3g7uA==",
            "media_link": "https://storage.googleapis.com/download/storage/v1/b/ismyhouseonfire-dev/o/static%2Fjs%2F453.45930b0c.chunk.js?generation=1731170444279556\u0026alt=media",
            "metadata": {},
            "name": "static/js/453.45930b0c.chunk.js",
            "output_name": "static/js/453.45930b0c.chunk.js",
            "retention": [],
            "self_link": "https://www.googleapis.com/storage/v1/b/ismyhouseonfire-dev/o/static%2Fjs%2F453.45930b0c.chunk.js",
            "source": "../client/build/static/js/453.45930b0c.chunk.js",
            "storage_class": "STANDARD",
            "temporary_hold": false,
            "timeouts": null
          },
          "sensitive_attributes": [
            [
              {
                "type": "get_attr",
                "value": "content"
              }
            ]
          ],
          "private": "eyJlMmJmYjczMC1lY2FhLTExZTYtOGY4OC0zNDM2M2JjN2M0YzAiOnsiY3JlYXRlIjoyNDAwMDAwMDAwMDAsImRlbGV0ZSI6MjQwMDAwMDAwMDAwLCJ1cGRhdGUiOjI0MDAwMDAwMDAwMH19",
          "dependencies": [
            "google_storage_bucket.react_app"
          ]
        },
        {
          "index_key": "static/js/453.45930b0c.chunk.js.map",
          "schema_version": 0,
          "attributes": {
            "bucket": "ismyhouseonfire-dev",
            "cache_control": "",
            "content": null,
            "content_disposition": "",
            "content_encoding": "",
            "content_language": "",
            "content_type": "application/octet-stream",
            "crc32c": "QoMWdw==",
            "customer_encryption": [],
            "detect_md5hash": "ugPBxIF++Va/l2yRifSEqA==",
            "event_based_hold": false,
            "generation": 1731170444212162,
            "id": "ismyhouseonfire-dev-static/js/453.45930b0c.chunk.js.map",
            "kms_key_name": "",
            "md5hash": "ugPBxIF++Va/l2yRifSEqA==",
            "media_link": "https://storage.googleapis.com/download/storage/v1/b/ismyhouseonfire-dev/o/static%2Fjs%2F453.45930b0c.chunk.js.map?generation=1731170444212162\u0026alt=media",
            "metadata": {},
            "name": "static/js/453.45930b0c.chunk.js.map",
            "output_name": "static/js/453.45930b0c.chunk.js.map",
            "retention": [],
            "self_link": "https://www.googleapis.com/storage/v1/b/ismyhouseonfire-dev/o/static%2Fjs%2F453.45930b0c.chunk.js.map",
            "source": "../client/build/static/js/453.45930b0c.chunk.js.map",
            "storage_class": "STANDARD",
            "temporary_hold": false,
            "timeouts": null
          },
          "sensitive_attributes": [
            [
              {
                "type": "get_attr",
                "value": "content"
              }
            ]
          ],
          "private": "eyJlMmJmYjczMC1lY2FhLTExZTYtOGY4OC0zNDM2M2JjN2M0YzAiOnsiY3JlYXRlIjoyNDAwMDAwMDAwMDAsImRlbGV0ZSI6MjQwMDAwMDAwMDAwLCJ1cGRhdGUiOjI0MDAwMDAwMDAwMH19",
          "dependencies": [
            "google_storage_bucket.react_app"
          ]
        },
        {
          "index_key": "static/js/main.2513a742.js",
          "schema_version": 0,
          "attributes": {
            "bucket": "ismyhouseonfire-dev",
            "cache_control": "",
            "content": null,
            "content_disposition": "",
            "content_encoding": "",
            "content_language": "",
            "content_type": "application/javascript",
            "crc32c": "S1d7sA==",
            "customer_encryption": [],
            "detect_md5hash": "MxRckgQCVSK6SRUcqCACRQ==",
            "event_based_hold": false,
            "generation": 1731170443800450,
            "id": "ismyhouseonfire-dev-static/js/main.2513a742.js",
            "kms_key_name": "",
            "md5hash": "MxRckgQCVSK6SRUcqCACRQ==",
            "media_link": "https://storage.googleapis.com/download/storage/v1/b/ismyhouseonfire-dev/o/static%2Fjs%2Fmain.2513a742.js?generation=1731170443800450\u0026alt=media",
            "metadata": {},
            "name": "static/js/main.2513a742.js",
            "output_name": "static/js/main.2513a742.js",
            "retention": [],
            "self_link": "https://www.googleapis.com/storage/v1/b/ismyhouseonfire-dev/o/static%2Fjs%2Fmain.2513a742.js",
            "source": "../client/build/static/js/main.2513a742.js",
            "storage_class": "STANDARD",
            "temporary_hold": false,
            "timeouts": null
          },
          "sensitive_attributes": [
            [
              {
                "type": "get_attr",
                "value": "content"
              }
            ]
          ],
          "private": "eyJlMmJmYjczMC1lY2FhLTExZTYtOGY4OC0zNDM2M2JjN2M0YzAiOnsiY3JlYXRlIjoyNDAwMDAwMDAwMDAsImRlbGV0ZSI6MjQwMDAwMDAwMDAwLCJ1cGRhdGUiOjI0MDAwMDAwMDAwMH19",
          "dependencies": [
            "google_storage_bucket.react_app"
          ]
        },
        {
          "index_key": "static/js/main.2513a742.js.LICENSE.txt",
          "schema_version": 0,
          "attributes": {
            "bucket": "ismyhouseonfire-dev",
            "cache_control": "",
            "content": null,
            "content_disposition": "",
            "content_encoding": "",
            "content_language": "",
            "content_type": "application/octet-stream",
            "crc32c": "v5Fftg==",
            "customer_encryption": [],
            "detect_md5hash": "sRTMhdpQSncvBA4/QPjkag==",
            "event_based_hold": false,
            "generation": 1731170443659780,
            "id": "ismyhouseonfire-dev-static/js/main.2513a742.js.LICENSE.txt",
            "kms_key_name": "",
            "md5hash": "sRTMhdpQSncvBA4/QPjkag==",
            "media_link": "https://storage.googleapis.com/download/storage/v1/b/ismyhouseonfire-dev/o/static%2Fjs%2Fmain.2513a742.js.LICENSE.txt?generation=1731170443659780\u0026alt=media",
            "metadata": {},
            "name": "static/js/main.2513a742.js.LICENSE.txt",
            "output_name": "static/js/main.2513a742.js.LICENSE.txt",
            "retention": [],
            "self_link": "https://www.googleapis.com/storage/v1/b/ismyhouseonfire-dev/o/static%2Fjs%2Fmain.2513a742.js.LICENSE.txt",
            "source": "../client/build/static/js/main.2513a742.js.LICENSE.txt",
            "storage_class": "STANDARD",
            "temporary_hold": false,
            "timeouts": null
          },
          "sensitive_attributes": [
            [
              {
                "type": "get_attr",
                "value": "content"
              }
            ]
          ],
          "private": "eyJlMmJmYjczMC1lY2FhLTExZTYtOGY4OC0zNDM2M2JjN2M0YzAiOnsiY3JlYXRlIjoyNDAwMDAwMDAwMDAsImRlbGV0ZSI6MjQwMDAwMDAwMDAwLCJ1cGRhdGUiOjI0MDAwMDAwMDAwMH19",
          "dependencies": [
            "google_storage_bucket.react_app"
          ]
        },
        {
          "index_key": "static/js/main.2513a742.js.map",
          "schema_version": 0,
          "attributes": {
            "bucket": "ismyhouseonfire-dev",
            "cache_control": "",
            "content": null,
            "content_disposition": "",
            "content_encoding": "",
            "content_language": "",
            "content_type": "application/octet-stream",
            "crc32c": "ovJ5nw==",
            "customer_encryption": [],
            "detect_md5hash": "LonTWh3xY92dwVqBbvCdMw==",
            "event_based_hold": false,
            "generation": 1731170443671018,
            "id": "ismyhouseonfire-dev-static/js/main.2513a742.js.map",
            "kms_key_name": "",
            "md5hash": "LonTWh3xY92dwVqBbvCdMw==",
            "media_link": "https://storage.googleapis.com/download/storage/v1/b/ismyhouseonfire-dev/o/static%2Fjs%2Fmain.2513a742.js.map?generation=1731170443671018\u0026alt=media",
            "metadata": {},
            "name": "static/js/main.2513a742.js.map",
            "output_name": "static/js/main.2513a742.js.map",
            "retention": [],
            "self_link": "https://www.googleapis.com/storage/v1/b/ismyhouseonfire-dev/o/static%2Fjs%2Fmain.2513a742.js.map",
            "source": "../client/build/static/js/main.2513a742.js.map",
            "storage_class": "STANDARD",
            "temporary_hold": false,
            "timeouts": null
          },
          "sensitive_attributes": [
            [
              {
                "type": "get_attr",
                "value": "content"
              }
            ]
          ],
          "private": "eyJlMmJmYjczMC1lY2FhLTExZTYtOGY4OC0zNDM2M2JjN2M0YzAiOnsiY3JlYXRlIjoyNDAwMDAwMDAwMDAsImRlbGV0ZSI6MjQwMDAwMDAwMDAwLCJ1cGRhdGUiOjI0MDAwMDAwMDAwMH19",
          "dependencies": [
            "google_storage_bucket.react_app"
          ]
        }
      ]
    },
    {
      "mode": "managed",
      "type": "google_storage_bucket_object",
      "name": "react_config",
      "provider": "provider[\"registry.terraform.io/hashicorp/google\"]",
      "instances": [
        {
          "schema_version": 0,
          "attributes": {
            "bucket": "ismyhouseonfire-dev",
            "cache_control": "",
            "content": "window.API_URL = \"http://api3.ismyhouseonfire.tech\";\n",
            "content_disposition": "",
            "content_encoding": "",
            "content_language": "",
            "content_type": "text/plain; charset=utf-8",
            "crc32c": "c65y4A==",
            "customer_encryption": [],
            "detect_md5hash": "D3EjkP3j5UoZQ+qNL4JnPg==",
            "event_based_hold": false,
            "generation": 1731169503360101,
            "id": "ismyhouseonfire-dev-config.js",
            "kms_key_name": "",
            "md5hash": "D3EjkP3j5UoZQ+qNL4JnPg==",
            "media_link": "https://storage.googleapis.com/download/storage/v1/b/ismyhouseonfire-dev/o/config.js?generation=1731169503360101\u0026alt=media",
            "metadata": {},
            "name": "config.js",
            "output_name": "config.js",
            "retention": [],
            "self_link": "https://www.googleapis.com/storage/v1/b/ismyhouseonfire-dev/o/config.js",
            "source": null,
            "storage_class": "STANDARD",
            "temporary_hold": false,
            "timeouts": null
          },
          "sensitive_attributes": [
            [
              {
                "type": "get_attr",
                "value": "content"
              }
            ]
          ],
          "private": "eyJlMmJmYjczMC1lY2FhLTExZTYtOGY4OC0zNDM2M2JjN2M0YzAiOnsiY3JlYXRlIjoyNDAwMDAwMDAwMDAsImRlbGV0ZSI6MjQwMDAwMDAwMDAwLCJ1cGRhdGUiOjI0MDAwMDAwMDAwMH19",
          "dependencies": [
            "google_storage_bucket.react_app"
          ]
        }
      ]
    }
  ],
  "check_results": null
}
